// !$*UTF8*$!
{
	archiveVersion = 1;
	classes = {
	};
	objectVersion = 56;
	objects = {

/* Begin PBXBuildFile section */
		0E07B8BB29880F1B00E103F4 /* AppDelegate.swift in Sources */ = {isa = PBXBuildFile; fileRef = 0E07B8BA29880F1B00E103F4 /* AppDelegate.swift */; };
		0E07B8BD29880F1B00E103F4 /* SceneDelegate.swift in Sources */ = {isa = PBXBuildFile; fileRef = 0E07B8BC29880F1B00E103F4 /* SceneDelegate.swift */; };
		0E07B8C429880F1C00E103F4 /* Assets.xcassets in Resources */ = {isa = PBXBuildFile; fileRef = 0E07B8C329880F1C00E103F4 /* Assets.xcassets */; };
		0E07B8C729880F1C00E103F4 /* LaunchScreen.storyboard in Resources */ = {isa = PBXBuildFile; fileRef = 0E07B8C529880F1C00E103F4 /* LaunchScreen.storyboard */; };
		0E07B8D229880F1C00E103F4 /* ReviewListPresnterTests.swift in Sources */ = {isa = PBXBuildFile; fileRef = 0E07B8D129880F1C00E103F4 /* ReviewListPresnterTests.swift */; };
		0E07B8DC29880F1C00E103F4 /* BookReviewUITests.swift in Sources */ = {isa = PBXBuildFile; fileRef = 0E07B8DB29880F1C00E103F4 /* BookReviewUITests.swift */; };
		0E07B8DE29880F1C00E103F4 /* BookReviewUITestsLaunchTests.swift in Sources */ = {isa = PBXBuildFile; fileRef = 0E07B8DD29880F1C00E103F4 /* BookReviewUITestsLaunchTests.swift */; };
		0E07B8EC2988101A00E103F4 /* Alamofire in Frameworks */ = {isa = PBXBuildFile; productRef = 0E07B8EB2988101A00E103F4 /* Alamofire */; };
		0E07B8EF2988104A00E103F4 /* SnapKit in Frameworks */ = {isa = PBXBuildFile; productRef = 0E07B8EE2988104A00E103F4 /* SnapKit */; };
		0E07B8F4298811EC00E103F4 /* ReviewListViewController.swift in Sources */ = {isa = PBXBuildFile; fileRef = 0E07B8F3298811EC00E103F4 /* ReviewListViewController.swift */; };
		0E07B8F62988121900E103F4 /* ReviewListPresenter.swift in Sources */ = {isa = PBXBuildFile; fileRef = 0E07B8F52988121900E103F4 /* ReviewListPresenter.swift */; };
		0E07B97B2989390000E103F4 /* ReviewWritePresenter.swift in Sources */ = {isa = PBXBuildFile; fileRef = 0E07B97A2989390000E103F4 /* ReviewWritePresenter.swift */; };
		0E07B97D2989391000E103F4 /* ReviewWriteViewController.swift in Sources */ = {isa = PBXBuildFile; fileRef = 0E07B97C2989391000E103F4 /* ReviewWriteViewController.swift */; };
		0EA2D91C29DD2BC60081740D /* SearchBookViewController.swift in Sources */ = {isa = PBXBuildFile; fileRef = 0EA2D91B29DD2BC60081740D /* SearchBookViewController.swift */; };
		0EA2D91E29DD2BD60081740D /* SearchBookPresenter.swift in Sources */ = {isa = PBXBuildFile; fileRef = 0EA2D91D29DD2BD60081740D /* SearchBookPresenter.swift */; };
		0EA2D92129DD48520081740D /* BookSearchRequestModel.swift in Sources */ = {isa = PBXBuildFile; fileRef = 0EA2D92029DD48520081740D /* BookSearchRequestModel.swift */; };
		0EA2D92429DD48D20081740D /* BookSearchResponseModel.swift in Sources */ = {isa = PBXBuildFile; fileRef = 0EA2D92329DD48D20081740D /* BookSearchResponseModel.swift */; };
		0EA2D92629DD49A30081740D /* Book.swift in Sources */ = {isa = PBXBuildFile; fileRef = 0EA2D92529DD49A30081740D /* Book.swift */; };
		0EA2D92829DD49EB0081740D /* BookSearchManager.swift in Sources */ = {isa = PBXBuildFile; fileRef = 0EA2D92729DD49EB0081740D /* BookSearchManager.swift */; };
		0EA2D94229DE672A0081740D /* Kingfisher in Frameworks */ = {isa = PBXBuildFile; productRef = 0EA2D94129DE672A0081740D /* Kingfisher */; };
		0EA2D94429DE7BBC0081740D /* UserDefaultsManager.swift in Sources */ = {isa = PBXBuildFile; fileRef = 0EA2D94329DE7BBC0081740D /* UserDefaultsManager.swift */; };
		0EA2D94629DE7BCD0081740D /* BookReview.swift in Sources */ = {isa = PBXBuildFile; fileRef = 0EA2D94529DE7BCD0081740D /* BookReview.swift */; };
/* End PBXBuildFile section */

/* Begin PBXContainerItemProxy section */
		0E07B8CE29880F1C00E103F4 /* PBXContainerItemProxy */ = {
			isa = PBXContainerItemProxy;
			containerPortal = 0E07B8AF29880F1B00E103F4 /* Project object */;
			proxyType = 1;
			remoteGlobalIDString = 0E07B8B629880F1B00E103F4;
			remoteInfo = BookReview;
		};
		0E07B8D829880F1C00E103F4 /* PBXContainerItemProxy */ = {
			isa = PBXContainerItemProxy;
			containerPortal = 0E07B8AF29880F1B00E103F4 /* Project object */;
			proxyType = 1;
			remoteGlobalIDString = 0E07B8B629880F1B00E103F4;
			remoteInfo = BookReview;
		};
/* End PBXContainerItemProxy section */

/* Begin PBXFileReference section */
		0E07B8B729880F1B00E103F4 /* BookReview.app */ = {isa = PBXFileReference; explicitFileType = wrapper.application; includeInIndex = 0; path = BookReview.app; sourceTree = BUILT_PRODUCTS_DIR; };
		0E07B8BA29880F1B00E103F4 /* AppDelegate.swift */ = {isa = PBXFileReference; lastKnownFileType = sourcecode.swift; path = AppDelegate.swift; sourceTree = "<group>"; };
		0E07B8BC29880F1B00E103F4 /* SceneDelegate.swift */ = {isa = PBXFileReference; lastKnownFileType = sourcecode.swift; path = SceneDelegate.swift; sourceTree = "<group>"; };
		0E07B8C329880F1C00E103F4 /* Assets.xcassets */ = {isa = PBXFileReference; lastKnownFileType = folder.assetcatalog; path = Assets.xcassets; sourceTree = "<group>"; };
		0E07B8C629880F1C00E103F4 /* Base */ = {isa = PBXFileReference; lastKnownFileType = file.storyboard; name = Base; path = Base.lproj/LaunchScreen.storyboard; sourceTree = "<group>"; };
		0E07B8C829880F1C00E103F4 /* Info.plist */ = {isa = PBXFileReference; lastKnownFileType = text.plist.xml; path = Info.plist; sourceTree = "<group>"; };
		0E07B8CD29880F1C00E103F4 /* BookReviewTests.xctest */ = {isa = PBXFileReference; explicitFileType = wrapper.cfbundle; includeInIndex = 0; path = BookReviewTests.xctest; sourceTree = BUILT_PRODUCTS_DIR; };
		0E07B8D129880F1C00E103F4 /* ReviewListPresnterTests.swift */ = {isa = PBXFileReference; lastKnownFileType = sourcecode.swift; path = ReviewListPresnterTests.swift; sourceTree = "<group>"; };
		0E07B8D729880F1C00E103F4 /* BookReviewUITests.xctest */ = {isa = PBXFileReference; explicitFileType = wrapper.cfbundle; includeInIndex = 0; path = BookReviewUITests.xctest; sourceTree = BUILT_PRODUCTS_DIR; };
		0E07B8DB29880F1C00E103F4 /* BookReviewUITests.swift */ = {isa = PBXFileReference; lastKnownFileType = sourcecode.swift; path = BookReviewUITests.swift; sourceTree = "<group>"; };
		0E07B8DD29880F1C00E103F4 /* BookReviewUITestsLaunchTests.swift */ = {isa = PBXFileReference; lastKnownFileType = sourcecode.swift; path = BookReviewUITestsLaunchTests.swift; sourceTree = "<group>"; };
		0E07B8F3298811EC00E103F4 /* ReviewListViewController.swift */ = {isa = PBXFileReference; lastKnownFileType = sourcecode.swift; path = ReviewListViewController.swift; sourceTree = "<group>"; };
		0E07B8F52988121900E103F4 /* ReviewListPresenter.swift */ = {isa = PBXFileReference; lastKnownFileType = sourcecode.swift; path = ReviewListPresenter.swift; sourceTree = "<group>"; };
		0E07B97A2989390000E103F4 /* ReviewWritePresenter.swift */ = {isa = PBXFileReference; lastKnownFileType = sourcecode.swift; path = ReviewWritePresenter.swift; sourceTree = "<group>"; };
		0E07B97C2989391000E103F4 /* ReviewWriteViewController.swift */ = {isa = PBXFileReference; lastKnownFileType = sourcecode.swift; path = ReviewWriteViewController.swift; sourceTree = "<group>"; };
		0EA2D91B29DD2BC60081740D /* SearchBookViewController.swift */ = {isa = PBXFileReference; lastKnownFileType = sourcecode.swift; path = SearchBookViewController.swift; sourceTree = "<group>"; };
		0EA2D91D29DD2BD60081740D /* SearchBookPresenter.swift */ = {isa = PBXFileReference; lastKnownFileType = sourcecode.swift; path = SearchBookPresenter.swift; sourceTree = "<group>"; };
		0EA2D92029DD48520081740D /* BookSearchRequestModel.swift */ = {isa = PBXFileReference; lastKnownFileType = sourcecode.swift; path = BookSearchRequestModel.swift; sourceTree = "<group>"; };
		0EA2D92329DD48D20081740D /* BookSearchResponseModel.swift */ = {isa = PBXFileReference; lastKnownFileType = sourcecode.swift; path = BookSearchResponseModel.swift; sourceTree = "<group>"; };
		0EA2D92529DD49A30081740D /* Book.swift */ = {isa = PBXFileReference; lastKnownFileType = sourcecode.swift; path = Book.swift; sourceTree = "<group>"; };
		0EA2D92729DD49EB0081740D /* BookSearchManager.swift */ = {isa = PBXFileReference; lastKnownFileType = sourcecode.swift; path = BookSearchManager.swift; sourceTree = "<group>"; };
		0EA2D94329DE7BBC0081740D /* UserDefaultsManager.swift */ = {isa = PBXFileReference; lastKnownFileType = sourcecode.swift; path = UserDefaultsManager.swift; sourceTree = "<group>"; };
		0EA2D94529DE7BCD0081740D /* BookReview.swift */ = {isa = PBXFileReference; lastKnownFileType = sourcecode.swift; path = BookReview.swift; sourceTree = "<group>"; };
/* End PBXFileReference section */

/* Begin PBXFrameworksBuildPhase section */
		0E07B8B429880F1B00E103F4 /* Frameworks */ = {
			isa = PBXFrameworksBuildPhase;
			buildActionMask = 2147483647;
			files = (
				0EA2D94229DE672A0081740D /* Kingfisher in Frameworks */,
				0E07B8EC2988101A00E103F4 /* Alamofire in Frameworks */,
				0E07B8EF2988104A00E103F4 /* SnapKit in Frameworks */,
			);
			runOnlyForDeploymentPostprocessing = 0;
		};
		0E07B8CA29880F1C00E103F4 /* Frameworks */ = {
			isa = PBXFrameworksBuildPhase;
			buildActionMask = 2147483647;
			files = (
			);
			runOnlyForDeploymentPostprocessing = 0;
		};
		0E07B8D429880F1C00E103F4 /* Frameworks */ = {
			isa = PBXFrameworksBuildPhase;
			buildActionMask = 2147483647;
			files = (
			);
			runOnlyForDeploymentPostprocessing = 0;
		};
/* End PBXFrameworksBuildPhase section */

/* Begin PBXGroup section */
		0E07B8AE29880F1B00E103F4 = {
			isa = PBXGroup;
			children = (
				0E07B8B929880F1B00E103F4 /* BookReview */,
				0E07B8D029880F1C00E103F4 /* BookReviewTests */,
				0E07B8DA29880F1C00E103F4 /* BookReviewUITests */,
				0E07B8B829880F1B00E103F4 /* Products */,
			);
			sourceTree = "<group>";
		};
		0E07B8B829880F1B00E103F4 /* Products */ = {
			isa = PBXGroup;
			children = (
				0E07B8B729880F1B00E103F4 /* BookReview.app */,
				0E07B8CD29880F1C00E103F4 /* BookReviewTests.xctest */,
				0E07B8D729880F1C00E103F4 /* BookReviewUITests.xctest */,
			);
			name = Products;
			sourceTree = "<group>";
		};
		0E07B8B929880F1B00E103F4 /* BookReview */ = {
			isa = PBXGroup;
			children = (
				0E07B8BA29880F1B00E103F4 /* AppDelegate.swift */,
				0E07B8BC29880F1B00E103F4 /* SceneDelegate.swift */,
				0EA2D92929DD49F30081740D /* Manager */,
				0EA2D92229DD48570081740D /* Model */,
				0E07B8F82988122E00E103F4 /* Scene */,
				0E07B8C329880F1C00E103F4 /* Assets.xcassets */,
				0E07B8C529880F1C00E103F4 /* LaunchScreen.storyboard */,
				0E07B8C829880F1C00E103F4 /* Info.plist */,
			);
			path = BookReview;
			sourceTree = "<group>";
		};
		0E07B8D029880F1C00E103F4 /* BookReviewTests */ = {
			isa = PBXGroup;
			children = (
				0E07B8D129880F1C00E103F4 /* ReviewListPresnterTests.swift */,
			);
			path = BookReviewTests;
			sourceTree = "<group>";
		};
		0E07B8DA29880F1C00E103F4 /* BookReviewUITests */ = {
			isa = PBXGroup;
			children = (
				0E07B8DB29880F1C00E103F4 /* BookReviewUITests.swift */,
				0E07B8DD29880F1C00E103F4 /* BookReviewUITestsLaunchTests.swift */,
			);
			path = BookReviewUITests;
			sourceTree = "<group>";
		};
		0E07B8F72988122000E103F4 /* ReviewList */ = {
			isa = PBXGroup;
			children = (
				0E07B8F3298811EC00E103F4 /* ReviewListViewController.swift */,
				0E07B8F52988121900E103F4 /* ReviewListPresenter.swift */,
			);
			name = ReviewList;
			sourceTree = "<group>";
		};
		0E07B8F82988122E00E103F4 /* Scene */ = {
			isa = PBXGroup;
			children = (
				0E07B8F72988122000E103F4 /* ReviewList */,
				0E07B97E2989391500E103F4 /* ReviewWrite */,
				0EA2D91F29DD2BDD0081740D /* SearchBook */,
			);
			name = Scene;
			path = ReviewList;
			sourceTree = "<group>";
		};
		0E07B97E2989391500E103F4 /* ReviewWrite */ = {
			isa = PBXGroup;
			children = (
				0E07B97C2989391000E103F4 /* ReviewWriteViewController.swift */,
				0E07B97A2989390000E103F4 /* ReviewWritePresenter.swift */,
			);
			path = ReviewWrite;
			sourceTree = "<group>";
		};
		0EA2D91F29DD2BDD0081740D /* SearchBook */ = {
			isa = PBXGroup;
			children = (
				0EA2D91B29DD2BC60081740D /* SearchBookViewController.swift */,
				0EA2D91D29DD2BD60081740D /* SearchBookPresenter.swift */,
			);
			path = SearchBook;
			sourceTree = "<group>";
		};
		0EA2D92229DD48570081740D /* Model */ = {
			isa = PBXGroup;
			children = (
				0EA2D92529DD49A30081740D /* Book.swift */,
				0EA2D92329DD48D20081740D /* BookSearchResponseModel.swift */,
				0EA2D92029DD48520081740D /* BookSearchRequestModel.swift */,
				0EA2D94529DE7BCD0081740D /* BookReview.swift */,
			);
			path = Model;
			sourceTree = "<group>";
		};
		0EA2D92929DD49F30081740D /* Manager */ = {
			isa = PBXGroup;
			children = (
				0EA2D92729DD49EB0081740D /* BookSearchManager.swift */,
				0EA2D94329DE7BBC0081740D /* UserDefaultsManager.swift */,
			);
			path = Manager;
			sourceTree = "<group>";
		};
/* End PBXGroup section */

/* Begin PBXNativeTarget section */
		0E07B8B629880F1B00E103F4 /* BookReview */ = {
			isa = PBXNativeTarget;
			buildConfigurationList = 0E07B8E129880F1C00E103F4 /* Build configuration list for PBXNativeTarget "BookReview" */;
			buildPhases = (
				0E07B8B329880F1B00E103F4 /* Sources */,
				0E07B8B429880F1B00E103F4 /* Frameworks */,
				0E07B8B529880F1B00E103F4 /* Resources */,
			);
			buildRules = (
			);
			dependencies = (
			);
			name = BookReview;
			packageProductDependencies = (
				0E07B8EB2988101A00E103F4 /* Alamofire */,
				0E07B8EE2988104A00E103F4 /* SnapKit */,
				0EA2D94129DE672A0081740D /* Kingfisher */,
			);
			productName = BookReview;
			productReference = 0E07B8B729880F1B00E103F4 /* BookReview.app */;
			productType = "com.apple.product-type.application";
		};
		0E07B8CC29880F1C00E103F4 /* BookReviewTests */ = {
			isa = PBXNativeTarget;
			buildConfigurationList = 0E07B8E429880F1C00E103F4 /* Build configuration list for PBXNativeTarget "BookReviewTests" */;
			buildPhases = (
				0E07B8C929880F1C00E103F4 /* Sources */,
				0E07B8CA29880F1C00E103F4 /* Frameworks */,
				0E07B8CB29880F1C00E103F4 /* Resources */,
			);
			buildRules = (
			);
			dependencies = (
				0E07B8CF29880F1C00E103F4 /* PBXTargetDependency */,
			);
			name = BookReviewTests;
			productName = BookReviewTests;
			productReference = 0E07B8CD29880F1C00E103F4 /* BookReviewTests.xctest */;
			productType = "com.apple.product-type.bundle.unit-test";
		};
		0E07B8D629880F1C00E103F4 /* BookReviewUITests */ = {
			isa = PBXNativeTarget;
			buildConfigurationList = 0E07B8E729880F1C00E103F4 /* Build configuration list for PBXNativeTarget "BookReviewUITests" */;
			buildPhases = (
				0E07B8D329880F1C00E103F4 /* Sources */,
				0E07B8D429880F1C00E103F4 /* Frameworks */,
				0E07B8D529880F1C00E103F4 /* Resources */,
			);
			buildRules = (
			);
			dependencies = (
				0E07B8D929880F1C00E103F4 /* PBXTargetDependency */,
			);
			name = BookReviewUITests;
			productName = BookReviewUITests;
			productReference = 0E07B8D729880F1C00E103F4 /* BookReviewUITests.xctest */;
			productType = "com.apple.product-type.bundle.ui-testing";
		};
/* End PBXNativeTarget section */

/* Begin PBXProject section */
		0E07B8AF29880F1B00E103F4 /* Project object */ = {
			isa = PBXProject;
			attributes = {
				BuildIndependentTargetsInParallel = 1;
				LastSwiftUpdateCheck = 1420;
				LastUpgradeCheck = 1420;
				TargetAttributes = {
					0E07B8B629880F1B00E103F4 = {
						CreatedOnToolsVersion = 14.2;
					};
					0E07B8CC29880F1C00E103F4 = {
						CreatedOnToolsVersion = 14.2;
						TestTargetID = 0E07B8B629880F1B00E103F4;
					};
					0E07B8D629880F1C00E103F4 = {
						CreatedOnToolsVersion = 14.2;
						TestTargetID = 0E07B8B629880F1B00E103F4;
					};
				};
			};
			buildConfigurationList = 0E07B8B229880F1B00E103F4 /* Build configuration list for PBXProject "BookReview" */;
			compatibilityVersion = "Xcode 14.0";
			developmentRegion = en;
			hasScannedForEncodings = 0;
			knownRegions = (
				en,
				Base,
			);
			mainGroup = 0E07B8AE29880F1B00E103F4;
			packageReferences = (
				0E07B8EA2988101A00E103F4 /* XCRemoteSwiftPackageReference "Alamofire" */,
				0E07B8ED2988104A00E103F4 /* XCRemoteSwiftPackageReference "SnapKit" */,
				0EA2D94029DE672A0081740D /* XCRemoteSwiftPackageReference "Kingfisher" */,
			);
			productRefGroup = 0E07B8B829880F1B00E103F4 /* Products */;
			projectDirPath = "";
			projectRoot = "";
			targets = (
				0E07B8B629880F1B00E103F4 /* BookReview */,
				0E07B8CC29880F1C00E103F4 /* BookReviewTests */,
				0E07B8D629880F1C00E103F4 /* BookReviewUITests */,
			);
		};
/* End PBXProject section */

/* Begin PBXResourcesBuildPhase section */
		0E07B8B529880F1B00E103F4 /* Resources */ = {
			isa = PBXResourcesBuildPhase;
			buildActionMask = 2147483647;
			files = (
				0E07B8C729880F1C00E103F4 /* LaunchScreen.storyboard in Resources */,
				0E07B8C429880F1C00E103F4 /* Assets.xcassets in Resources */,
			);
			runOnlyForDeploymentPostprocessing = 0;
		};
		0E07B8CB29880F1C00E103F4 /* Resources */ = {
			isa = PBXResourcesBuildPhase;
			buildActionMask = 2147483647;
			files = (
			);
			runOnlyForDeploymentPostprocessing = 0;
		};
		0E07B8D529880F1C00E103F4 /* Resources */ = {
			isa = PBXResourcesBuildPhase;
			buildActionMask = 2147483647;
			files = (
			);
			runOnlyForDeploymentPostprocessing = 0;
		};
/* End PBXResourcesBuildPhase section */

/* Begin PBXSourcesBuildPhase section */
		0E07B8B329880F1B00E103F4 /* Sources */ = {
			isa = PBXSourcesBuildPhase;
			buildActionMask = 2147483647;
			files = (
				0E07B97B2989390000E103F4 /* ReviewWritePresenter.swift in Sources */,
				0E07B8F4298811EC00E103F4 /* ReviewListViewController.swift in Sources */,
				0EA2D92129DD48520081740D /* BookSearchRequestModel.swift in Sources */,
				0EA2D94429DE7BBC0081740D /* UserDefaultsManager.swift in Sources */,
				0EA2D94629DE7BCD0081740D /* BookReview.swift in Sources */,
				0EA2D92629DD49A30081740D /* Book.swift in Sources */,
				0E07B97D2989391000E103F4 /* ReviewWriteViewController.swift in Sources */,
				0EA2D91C29DD2BC60081740D /* SearchBookViewController.swift in Sources */,
				0E07B8BB29880F1B00E103F4 /* AppDelegate.swift in Sources */,
				0EA2D91E29DD2BD60081740D /* SearchBookPresenter.swift in Sources */,
				0EA2D92429DD48D20081740D /* BookSearchResponseModel.swift in Sources */,
				0E07B8F62988121900E103F4 /* ReviewListPresenter.swift in Sources */,
				0EA2D92829DD49EB0081740D /* BookSearchManager.swift in Sources */,
				0E07B8BD29880F1B00E103F4 /* SceneDelegate.swift in Sources */,
			);
			runOnlyForDeploymentPostprocessing = 0;
		};
		0E07B8C929880F1C00E103F4 /* Sources */ = {
			isa = PBXSourcesBuildPhase;
			buildActionMask = 2147483647;
			files = (
				0E07B8D229880F1C00E103F4 /* ReviewListPresnterTests.swift in Sources */,
			);
			runOnlyForDeploymentPostprocessing = 0;
		};
		0E07B8D329880F1C00E103F4 /* Sources */ = {
			isa = PBXSourcesBuildPhase;
			buildActionMask = 2147483647;
			files = (
				0E07B8DC29880F1C00E103F4 /* BookReviewUITests.swift in Sources */,
				0E07B8DE29880F1C00E103F4 /* BookReviewUITestsLaunchTests.swift in Sources */,
			);
			runOnlyForDeploymentPostprocessing = 0;
		};
/* End PBXSourcesBuildPhase section */

/* Begin PBXTargetDependency section */
		0E07B8CF29880F1C00E103F4 /* PBXTargetDependency */ = {
			isa = PBXTargetDependency;
			target = 0E07B8B629880F1B00E103F4 /* BookReview */;
			targetProxy = 0E07B8CE29880F1C00E103F4 /* PBXContainerItemProxy */;
		};
		0E07B8D929880F1C00E103F4 /* PBXTargetDependency */ = {
			isa = PBXTargetDependency;
			target = 0E07B8B629880F1B00E103F4 /* BookReview */;
			targetProxy = 0E07B8D829880F1C00E103F4 /* PBXContainerItemProxy */;
		};
/* End PBXTargetDependency section */

/* Begin PBXVariantGroup section */
		0E07B8C529880F1C00E103F4 /* LaunchScreen.storyboard */ = {
			isa = PBXVariantGroup;
			children = (
				0E07B8C629880F1C00E103F4 /* Base */,
			);
			name = LaunchScreen.storyboard;
			sourceTree = "<group>";
		};
/* End PBXVariantGroup section */

/* Begin XCBuildConfiguration section */
		0E07B8DF29880F1C00E103F4 /* Debug */ = {
			isa = XCBuildConfiguration;
			buildSettings = {
				ALWAYS_SEARCH_USER_PATHS = NO;
				CLANG_ANALYZER_NONNULL = YES;
				CLANG_ANALYZER_NUMBER_OBJECT_CONVERSION = YES_AGGRESSIVE;
				CLANG_CXX_LANGUAGE_STANDARD = "gnu++20";
				CLANG_ENABLE_MODULES = YES;
				CLANG_ENABLE_OBJC_ARC = YES;
				CLANG_ENABLE_OBJC_WEAK = YES;
				CLANG_WARN_BLOCK_CAPTURE_AUTORELEASING = YES;
				CLANG_WARN_BOOL_CONVERSION = YES;
				CLANG_WARN_COMMA = YES;
				CLANG_WARN_CONSTANT_CONVERSION = YES;
				CLANG_WARN_DEPRECATED_OBJC_IMPLEMENTATIONS = YES;
				CLANG_WARN_DIRECT_OBJC_ISA_USAGE = YES_ERROR;
				CLANG_WARN_DOCUMENTATION_COMMENTS = YES;
				CLANG_WARN_EMPTY_BODY = YES;
				CLANG_WARN_ENUM_CONVERSION = YES;
				CLANG_WARN_INFINITE_RECURSION = YES;
				CLANG_WARN_INT_CONVERSION = YES;
				CLANG_WARN_NON_LITERAL_NULL_CONVERSION = YES;
				CLANG_WARN_OBJC_IMPLICIT_RETAIN_SELF = YES;
				CLANG_WARN_OBJC_LITERAL_CONVERSION = YES;
				CLANG_WARN_OBJC_ROOT_CLASS = YES_ERROR;
				CLANG_WARN_QUOTED_INCLUDE_IN_FRAMEWORK_HEADER = YES;
				CLANG_WARN_RANGE_LOOP_ANALYSIS = YES;
				CLANG_WARN_STRICT_PROTOTYPES = YES;
				CLANG_WARN_SUSPICIOUS_MOVE = YES;
				CLANG_WARN_UNGUARDED_AVAILABILITY = YES_AGGRESSIVE;
				CLANG_WARN_UNREACHABLE_CODE = YES;
				CLANG_WARN__DUPLICATE_METHOD_MATCH = YES;
				COPY_PHASE_STRIP = NO;
				DEBUG_INFORMATION_FORMAT = dwarf;
				ENABLE_STRICT_OBJC_MSGSEND = YES;
				ENABLE_TESTABILITY = YES;
				GCC_C_LANGUAGE_STANDARD = gnu11;
				GCC_DYNAMIC_NO_PIC = NO;
				GCC_NO_COMMON_BLOCKS = YES;
				GCC_OPTIMIZATION_LEVEL = 0;
				GCC_PREPROCESSOR_DEFINITIONS = (
					"DEBUG=1",
					"$(inherited)",
				);
				GCC_WARN_64_TO_32_BIT_CONVERSION = YES;
				GCC_WARN_ABOUT_RETURN_TYPE = YES_ERROR;
				GCC_WARN_UNDECLARED_SELECTOR = YES;
				GCC_WARN_UNINITIALIZED_AUTOS = YES_AGGRESSIVE;
				GCC_WARN_UNUSED_FUNCTION = YES;
				GCC_WARN_UNUSED_VARIABLE = YES;
				IPHONEOS_DEPLOYMENT_TARGET = 14.0;
				MTL_ENABLE_DEBUG_INFO = INCLUDE_SOURCE;
				MTL_FAST_MATH = YES;
				ONLY_ACTIVE_ARCH = YES;
				SDKROOT = iphoneos;
				SWIFT_ACTIVE_COMPILATION_CONDITIONS = DEBUG;
				SWIFT_OPTIMIZATION_LEVEL = "-Onone";
			};
			name = Debug;
		};
		0E07B8E029880F1C00E103F4 /* Release */ = {
			isa = XCBuildConfiguration;
			buildSettings = {
				ALWAYS_SEARCH_USER_PATHS = NO;
				CLANG_ANALYZER_NONNULL = YES;
				CLANG_ANALYZER_NUMBER_OBJECT_CONVERSION = YES_AGGRESSIVE;
				CLANG_CXX_LANGUAGE_STANDARD = "gnu++20";
				CLANG_ENABLE_MODULES = YES;
				CLANG_ENABLE_OBJC_ARC = YES;
				CLANG_ENABLE_OBJC_WEAK = YES;
				CLANG_WARN_BLOCK_CAPTURE_AUTORELEASING = YES;
				CLANG_WARN_BOOL_CONVERSION = YES;
				CLANG_WARN_COMMA = YES;
				CLANG_WARN_CONSTANT_CONVERSION = YES;
				CLANG_WARN_DEPRECATED_OBJC_IMPLEMENTATIONS = YES;
				CLANG_WARN_DIRECT_OBJC_ISA_USAGE = YES_ERROR;
				CLANG_WARN_DOCUMENTATION_COMMENTS = YES;
				CLANG_WARN_EMPTY_BODY = YES;
				CLANG_WARN_ENUM_CONVERSION = YES;
				CLANG_WARN_INFINITE_RECURSION = YES;
				CLANG_WARN_INT_CONVERSION = YES;
				CLANG_WARN_NON_LITERAL_NULL_CONVERSION = YES;
				CLANG_WARN_OBJC_IMPLICIT_RETAIN_SELF = YES;
				CLANG_WARN_OBJC_LITERAL_CONVERSION = YES;
				CLANG_WARN_OBJC_ROOT_CLASS = YES_ERROR;
				CLANG_WARN_QUOTED_INCLUDE_IN_FRAMEWORK_HEADER = YES;
				CLANG_WARN_RANGE_LOOP_ANALYSIS = YES;
				CLANG_WARN_STRICT_PROTOTYPES = YES;
				CLANG_WARN_SUSPICIOUS_MOVE = YES;
				CLANG_WARN_UNGUARDED_AVAILABILITY = YES_AGGRESSIVE;
				CLANG_WARN_UNREACHABLE_CODE = YES;
				CLANG_WARN__DUPLICATE_METHOD_MATCH = YES;
				COPY_PHASE_STRIP = NO;
				DEBUG_INFORMATION_FORMAT = "dwarf-with-dsym";
				ENABLE_NS_ASSERTIONS = NO;
				ENABLE_STRICT_OBJC_MSGSEND = YES;
				GCC_C_LANGUAGE_STANDARD = gnu11;
				GCC_NO_COMMON_BLOCKS = YES;
				GCC_WARN_64_TO_32_BIT_CONVERSION = YES;
				GCC_WARN_ABOUT_RETURN_TYPE = YES_ERROR;
				GCC_WARN_UNDECLARED_SELECTOR = YES;
				GCC_WARN_UNINITIALIZED_AUTOS = YES_AGGRESSIVE;
				GCC_WARN_UNUSED_FUNCTION = YES;
				GCC_WARN_UNUSED_VARIABLE = YES;
				IPHONEOS_DEPLOYMENT_TARGET = 14.0;
				MTL_ENABLE_DEBUG_INFO = NO;
				MTL_FAST_MATH = YES;
				SDKROOT = iphoneos;
				SWIFT_COMPILATION_MODE = wholemodule;
				SWIFT_OPTIMIZATION_LEVEL = "-O";
				VALIDATE_PRODUCT = YES;
			};
			name = Release;
		};
		0E07B8E229880F1C00E103F4 /* Debug */ = {
			isa = XCBuildConfiguration;
			buildSettings = {
				ASSETCATALOG_COMPILER_APPICON_NAME = AppIcon;
				ASSETCATALOG_COMPILER_GLOBAL_ACCENT_COLOR_NAME = AccentColor;
				CODE_SIGN_STYLE = Automatic;
				CURRENT_PROJECT_VERSION = 1;
				DEVELOPMENT_TEAM = 92YDTRVDUA;
				GENERATE_INFOPLIST_FILE = YES;
				INFOPLIST_FILE = BookReview/Info.plist;
				INFOPLIST_KEY_UIApplicationSupportsIndirectInputEvents = YES;
				INFOPLIST_KEY_UILaunchStoryboardName = LaunchScreen;
				INFOPLIST_KEY_UIMainStoryboardFile = "";
				INFOPLIST_KEY_UISupportedInterfaceOrientations_iPad = "UIInterfaceOrientationPortrait UIInterfaceOrientationPortraitUpsideDown UIInterfaceOrientationLandscapeLeft UIInterfaceOrientationLandscapeRight";
				INFOPLIST_KEY_UISupportedInterfaceOrientations_iPhone = "UIInterfaceOrientationPortrait UIInterfaceOrientationLandscapeLeft UIInterfaceOrientationLandscapeRight";
				LD_RUNPATH_SEARCH_PATHS = (
					"$(inherited)",
					"@executable_path/Frameworks",
				);
				MARKETING_VERSION = 1.0;
				PRODUCT_BUNDLE_IDENTIFIER = com.BookReview;
				PRODUCT_NAME = "$(TARGET_NAME)";
				SWIFT_EMIT_LOC_STRINGS = YES;
				SWIFT_VERSION = 5.0;
				TARGETED_DEVICE_FAMILY = "1,2";
			};
			name = Debug;
		};
		0E07B8E329880F1C00E103F4 /* Release */ = {
			isa = XCBuildConfiguration;
			buildSettings = {
				ASSETCATALOG_COMPILER_APPICON_NAME = AppIcon;
				ASSETCATALOG_COMPILER_GLOBAL_ACCENT_COLOR_NAME = AccentColor;
				CODE_SIGN_STYLE = Automatic;
				CURRENT_PROJECT_VERSION = 1;
				DEVELOPMENT_TEAM = 92YDTRVDUA;
				GENERATE_INFOPLIST_FILE = YES;
				INFOPLIST_FILE = BookReview/Info.plist;
				INFOPLIST_KEY_UIApplicationSupportsIndirectInputEvents = YES;
				INFOPLIST_KEY_UILaunchStoryboardName = LaunchScreen;
				INFOPLIST_KEY_UIMainStoryboardFile = "";
				INFOPLIST_KEY_UISupportedInterfaceOrientations_iPad = "UIInterfaceOrientationPortrait UIInterfaceOrientationPortraitUpsideDown UIInterfaceOrientationLandscapeLeft UIInterfaceOrientationLandscapeRight";
				INFOPLIST_KEY_UISupportedInterfaceOrientations_iPhone = "UIInterfaceOrientationPortrait UIInterfaceOrientationLandscapeLeft UIInterfaceOrientationLandscapeRight";
				LD_RUNPATH_SEARCH_PATHS = (
					"$(inherited)",
					"@executable_path/Frameworks",
				);
				MARKETING_VERSION = 1.0;
				PRODUCT_BUNDLE_IDENTIFIER = com.BookReview;
				PRODUCT_NAME = "$(TARGET_NAME)";
				SWIFT_EMIT_LOC_STRINGS = YES;
				SWIFT_VERSION = 5.0;
				TARGETED_DEVICE_FAMILY = "1,2";
			};
			name = Release;
		};
		0E07B8E529880F1C00E103F4 /* Debug */ = {
			isa = XCBuildConfiguration;
			buildSettings = {
				ALWAYS_EMBED_SWIFT_STANDARD_LIBRARIES = YES;
				BUNDLE_LOADER = "$(TEST_HOST)";
				CODE_SIGN_STYLE = Automatic;
				CURRENT_PROJECT_VERSION = 1;
				DEVELOPMENT_TEAM = 92YDTRVDUA;
				GENERATE_INFOPLIST_FILE = YES;
				IPHONEOS_DEPLOYMENT_TARGET = 16.2;
				MARKETING_VERSION = 1.0;
				PRODUCT_BUNDLE_IDENTIFIER = com.BookReviewTests;
				PRODUCT_NAME = "$(TARGET_NAME)";
				SWIFT_EMIT_LOC_STRINGS = NO;
				SWIFT_VERSION = 5.0;
				TARGETED_DEVICE_FAMILY = "1,2";
				TEST_HOST = "$(BUILT_PRODUCTS_DIR)/BookReview.app/$(BUNDLE_EXECUTABLE_FOLDER_PATH)/BookReview";
			};
			name = Debug;
		};
		0E07B8E629880F1C00E103F4 /* Release */ = {
			isa = XCBuildConfiguration;
			buildSettings = {
				ALWAYS_EMBED_SWIFT_STANDARD_LIBRARIES = YES;
				BUNDLE_LOADER = "$(TEST_HOST)";
				CODE_SIGN_STYLE = Automatic;
				CURRENT_PROJECT_VERSION = 1;
				DEVELOPMENT_TEAM = 92YDTRVDUA;
				GENERATE_INFOPLIST_FILE = YES;
				IPHONEOS_DEPLOYMENT_TARGET = 16.2;
				MARKETING_VERSION = 1.0;
				PRODUCT_BUNDLE_IDENTIFIER = com.BookReviewTests;
				PRODUCT_NAME = "$(TARGET_NAME)";
				SWIFT_EMIT_LOC_STRINGS = NO;
				SWIFT_VERSION = 5.0;
				TARGETED_DEVICE_FAMILY = "1,2";
				TEST_HOST = "$(BUILT_PRODUCTS_DIR)/BookReview.app/$(BUNDLE_EXECUTABLE_FOLDER_PATH)/BookReview";
			};
			name = Release;
		};
		0E07B8E829880F1C00E103F4 /* Debug */ = {
			isa = XCBuildConfiguration;
			buildSettings = {
				ALWAYS_EMBED_SWIFT_STANDARD_LIBRARIES = YES;
				CODE_SIGN_STYLE = Automatic;
				CURRENT_PROJECT_VERSION = 1;
				DEVELOPMENT_TEAM = 92YDTRVDUA;
				GENERATE_INFOPLIST_FILE = YES;
				MARKETING_VERSION = 1.0;
				PRODUCT_BUNDLE_IDENTIFIER = com.BookReviewUITests;
				PRODUCT_NAME = "$(TARGET_NAME)";
				SWIFT_EMIT_LOC_STRINGS = NO;
				SWIFT_VERSION = 5.0;
				TARGETED_DEVICE_FAMILY = "1,2";
				TEST_TARGET_NAME = BookReview;
			};
			name = Debug;
		};
		0E07B8E929880F1C00E103F4 /* Release */ = {
			isa = XCBuildConfiguration;
			buildSettings = {
				ALWAYS_EMBED_SWIFT_STANDARD_LIBRARIES = YES;
				CODE_SIGN_STYLE = Automatic;
				CURRENT_PROJECT_VERSION = 1;
				DEVELOPMENT_TEAM = 92YDTRVDUA;
				GENERATE_INFOPLIST_FILE = YES;
				MARKETING_VERSION = 1.0;
				PRODUCT_BUNDLE_IDENTIFIER = com.BookReviewUITests;
				PRODUCT_NAME = "$(TARGET_NAME)";
				SWIFT_EMIT_LOC_STRINGS = NO;
				SWIFT_VERSION = 5.0;
				TARGETED_DEVICE_FAMILY = "1,2";
				TEST_TARGET_NAME = BookReview;
			};
			name = Release;
		};
/* End XCBuildConfiguration section */

/* Begin XCConfigurationList section */
		0E07B8B229880F1B00E103F4 /* Build configuration list for PBXProject "BookReview" */ = {
			isa = XCConfigurationList;
			buildConfigurations = (
				0E07B8DF29880F1C00E103F4 /* Debug */,
				0E07B8E029880F1C00E103F4 /* Release */,
			);
			defaultConfigurationIsVisible = 0;
			defaultConfigurationName = Release;
		};
		0E07B8E129880F1C00E103F4 /* Build configuration list for PBXNativeTarget "BookReview" */ = {
			isa = XCConfigurationList;
			buildConfigurations = (
				0E07B8E229880F1C00E103F4 /* Debug */,
				0E07B8E329880F1C00E103F4 /* Release */,
			);
			defaultConfigurationIsVisible = 0;
			defaultConfigurationName = Release;
		};
		0E07B8E429880F1C00E103F4 /* Build configuration list for PBXNativeTarget "BookReviewTests" */ = {
			isa = XCConfigurationList;
			buildConfigurations = (
				0E07B8E529880F1C00E103F4 /* Debug */,
				0E07B8E629880F1C00E103F4 /* Release */,
			);
			defaultConfigurationIsVisible = 0;
			defaultConfigurationName = Release;
		};
		0E07B8E729880F1C00E103F4 /* Build configuration list for PBXNativeTarget "BookReviewUITests" */ = {
			isa = XCConfigurationList;
			buildConfigurations = (
				0E07B8E829880F1C00E103F4 /* Debug */,
				0E07B8E929880F1C00E103F4 /* Release */,
			);
			defaultConfigurationIsVisible = 0;
			defaultConfigurationName = Release;
		};
/* End XCConfigurationList section */

/* Begin XCRemoteSwiftPackageReference section */
		0E07B8EA2988101A00E103F4 /* XCRemoteSwiftPackageReference "Alamofire" */ = {
			isa = XCRemoteSwiftPackageReference;
			repositoryURL = "https://github.com/Alamofire/Alamofire";
			requirement = {
				kind = upToNextMajorVersion;
				minimumVersion = 5.0.0;
			};
		};
		0E07B8ED2988104A00E103F4 /* XCRemoteSwiftPackageReference "SnapKit" */ = {
			isa = XCRemoteSwiftPackageReference;
			repositoryURL = "https://github.com/SnapKit/SnapKit";
			requirement = {
				branch = develop;
				kind = branch;
			};
		};
		0EA2D94029DE672A0081740D /* XCRemoteSwiftPackageReference "Kingfisher" */ = {
			isa = XCRemoteSwiftPackageReference;
			repositoryURL = "https://github.com/onevcat/Kingfisher";
			requirement = {
				kind = upToNextMajorVersion;
				minimumVersion = 7.6.1;
			};
		};
/* End XCRemoteSwiftPackageReference section */

/* Begin XCSwiftPackageProductDependency section */
		0E07B8EB2988101A00E103F4 /* Alamofire */ = {
			isa = XCSwiftPackageProductDependency;
			package = 0E07B8EA2988101A00E103F4 /* XCRemoteSwiftPackageReference "Alamofire" */;
			productName = Alamofire;
		};
		0E07B8EE2988104A00E103F4 /* SnapKit */ = {
			isa = XCSwiftPackageProductDependency;
			package = 0E07B8ED2988104A00E103F4 /* XCRemoteSwiftPackageReference "SnapKit" */;
			productName = SnapKit;
		};
		0EA2D94129DE672A0081740D /* Kingfisher */ = {
			isa = XCSwiftPackageProductDependency;
			package = 0EA2D94029DE672A0081740D /* XCRemoteSwiftPackageReference "Kingfisher" */;
			productName = Kingfisher;
		};
/* End XCSwiftPackageProductDependency section */
	};
	rootObject = 0E07B8AF29880F1B00E103F4 /* Project object */;
}
