// !$*UTF8*$!
{
	archiveVersion = 1;
	classes = {
	};
	objectVersion = 56;
	objects = {

/* Begin PBXBuildFile section */
		0E0B24742905849E009C71C9 /* AppDelegate.swift in Sources */ = {isa = PBXBuildFile; fileRef = 0E0B24732905849E009C71C9 /* AppDelegate.swift */; };
		0E0B24762905849E009C71C9 /* SceneDelegate.swift in Sources */ = {isa = PBXBuildFile; fileRef = 0E0B24752905849E009C71C9 /* SceneDelegate.swift */; };
		0E0B24782905849E009C71C9 /* MainViewController.swift in Sources */ = {isa = PBXBuildFile; fileRef = 0E0B24772905849E009C71C9 /* MainViewController.swift */; };
		0E0B247D2905849F009C71C9 /* Assets.xcassets in Resources */ = {isa = PBXBuildFile; fileRef = 0E0B247C2905849F009C71C9 /* Assets.xcassets */; };
		0E0B24802905849F009C71C9 /* LaunchScreen.storyboard in Resources */ = {isa = PBXBuildFile; fileRef = 0E0B247E2905849F009C71C9 /* LaunchScreen.storyboard */; };
		0EF69C62292B0A9700C36DAC /* SearchBar.swift in Sources */ = {isa = PBXBuildFile; fileRef = 0EF69C61292B0A9700C36DAC /* SearchBar.swift */; };
		0EF69C66292B107100C36DAC /* FilterView.swift in Sources */ = {isa = PBXBuildFile; fileRef = 0EF69C65292B107100C36DAC /* FilterView.swift */; };
		0EF69C68292B133E00C36DAC /* BlogList.swift in Sources */ = {isa = PBXBuildFile; fileRef = 0EF69C67292B133E00C36DAC /* BlogList.swift */; };
		0EF69C6A292B135100C36DAC /* BlogListCell.swift in Sources */ = {isa = PBXBuildFile; fileRef = 0EF69C69292B135100C36DAC /* BlogListCell.swift */; };
		0EF69C6C292B137100C36DAC /* BlogListCellData.swift in Sources */ = {isa = PBXBuildFile; fileRef = 0EF69C6B292B137100C36DAC /* BlogListCellData.swift */; };
		3E70B0EECE96F81E26E9977E /* Pods_SearchBlog.framework in Frameworks */ = {isa = PBXBuildFile; fileRef = AAB6F337B4F85BD543A0411B /* Pods_SearchBlog.framework */; };
/* End PBXBuildFile section */

/* Begin PBXFileReference section */
		0E0B24702905849E009C71C9 /* SearchBlog.app */ = {isa = PBXFileReference; explicitFileType = wrapper.application; includeInIndex = 0; path = SearchBlog.app; sourceTree = BUILT_PRODUCTS_DIR; };
		0E0B24732905849E009C71C9 /* AppDelegate.swift */ = {isa = PBXFileReference; lastKnownFileType = sourcecode.swift; path = AppDelegate.swift; sourceTree = "<group>"; };
		0E0B24752905849E009C71C9 /* SceneDelegate.swift */ = {isa = PBXFileReference; lastKnownFileType = sourcecode.swift; path = SceneDelegate.swift; sourceTree = "<group>"; };
		0E0B24772905849E009C71C9 /* MainViewController.swift */ = {isa = PBXFileReference; lastKnownFileType = sourcecode.swift; path = MainViewController.swift; sourceTree = "<group>"; };
		0E0B247C2905849F009C71C9 /* Assets.xcassets */ = {isa = PBXFileReference; lastKnownFileType = folder.assetcatalog; path = Assets.xcassets; sourceTree = "<group>"; };
		0E0B247F2905849F009C71C9 /* Base */ = {isa = PBXFileReference; lastKnownFileType = file.storyboard; name = Base; path = Base.lproj/LaunchScreen.storyboard; sourceTree = "<group>"; };
		0E0B24812905849F009C71C9 /* Info.plist */ = {isa = PBXFileReference; lastKnownFileType = text.plist.xml; path = Info.plist; sourceTree = "<group>"; };
		0EF69C61292B0A9700C36DAC /* SearchBar.swift */ = {isa = PBXFileReference; lastKnownFileType = sourcecode.swift; path = SearchBar.swift; sourceTree = "<group>"; };
		0EF69C65292B107100C36DAC /* FilterView.swift */ = {isa = PBXFileReference; lastKnownFileType = sourcecode.swift; path = FilterView.swift; sourceTree = "<group>"; };
		0EF69C67292B133E00C36DAC /* BlogList.swift */ = {isa = PBXFileReference; lastKnownFileType = sourcecode.swift; path = BlogList.swift; sourceTree = "<group>"; };
		0EF69C69292B135100C36DAC /* BlogListCell.swift */ = {isa = PBXFileReference; lastKnownFileType = sourcecode.swift; path = BlogListCell.swift; sourceTree = "<group>"; };
		0EF69C6B292B137100C36DAC /* BlogListCellData.swift */ = {isa = PBXFileReference; lastKnownFileType = sourcecode.swift; path = BlogListCellData.swift; sourceTree = "<group>"; };
		14A41C6FDC5A7E2C1F120290 /* Pods-SearchBlog.debug.xcconfig */ = {isa = PBXFileReference; includeInIndex = 1; lastKnownFileType = text.xcconfig; name = "Pods-SearchBlog.debug.xcconfig"; path = "Target Support Files/Pods-SearchBlog/Pods-SearchBlog.debug.xcconfig"; sourceTree = "<group>"; };
		9B22E5E77EA4253B11C9699B /* Pods-SearchBlog.release.xcconfig */ = {isa = PBXFileReference; includeInIndex = 1; lastKnownFileType = text.xcconfig; name = "Pods-SearchBlog.release.xcconfig"; path = "Target Support Files/Pods-SearchBlog/Pods-SearchBlog.release.xcconfig"; sourceTree = "<group>"; };
		AAB6F337B4F85BD543A0411B /* Pods_SearchBlog.framework */ = {isa = PBXFileReference; explicitFileType = wrapper.framework; includeInIndex = 0; path = Pods_SearchBlog.framework; sourceTree = BUILT_PRODUCTS_DIR; };
/* End PBXFileReference section */

/* Begin PBXFrameworksBuildPhase section */
		0E0B246D2905849E009C71C9 /* Frameworks */ = {
			isa = PBXFrameworksBuildPhase;
			buildActionMask = 2147483647;
			files = (
				3E70B0EECE96F81E26E9977E /* Pods_SearchBlog.framework in Frameworks */,
			);
			runOnlyForDeploymentPostprocessing = 0;
		};
/* End PBXFrameworksBuildPhase section */

/* Begin PBXGroup section */
		08ACE772FB67273FD85C0AC2 /* Pods */ = {
			isa = PBXGroup;
			children = (
				14A41C6FDC5A7E2C1F120290 /* Pods-SearchBlog.debug.xcconfig */,
				9B22E5E77EA4253B11C9699B /* Pods-SearchBlog.release.xcconfig */,
			);
			path = Pods;
			sourceTree = "<group>";
		};
		0E0B24672905849E009C71C9 = {
			isa = PBXGroup;
			children = (
				0E0B24722905849E009C71C9 /* SearchBlog */,
				0E0B24712905849E009C71C9 /* Products */,
				08ACE772FB67273FD85C0AC2 /* Pods */,
				56806D4318C10B041F8D7B4B /* Frameworks */,
			);
			sourceTree = "<group>";
		};
		0E0B24712905849E009C71C9 /* Products */ = {
			isa = PBXGroup;
			children = (
				0E0B24702905849E009C71C9 /* SearchBlog.app */,
			);
			name = Products;
			sourceTree = "<group>";
		};
		0E0B24722905849E009C71C9 /* SearchBlog */ = {
			isa = PBXGroup;
			children = (
				0E0B24732905849E009C71C9 /* AppDelegate.swift */,
				0E0B24752905849E009C71C9 /* SceneDelegate.swift */,
				0EF69C6E292B13AF00C36DAC /* Entities */,
				0EF69C6D292B139200C36DAC /* Presentation */,
				0E0B247C2905849F009C71C9 /* Assets.xcassets */,
				0E0B247E2905849F009C71C9 /* LaunchScreen.storyboard */,
				0E0B24812905849F009C71C9 /* Info.plist */,
			);
			path = SearchBlog;
			sourceTree = "<group>";
		};
		0EF69C6D292B139200C36DAC /* Presentation */ = {
			isa = PBXGroup;
			children = (
				0E0B24772905849E009C71C9 /* MainViewController.swift */,
				0EF69C61292B0A9700C36DAC /* SearchBar.swift */,
				0EF69C65292B107100C36DAC /* FilterView.swift */,
				0EF69C67292B133E00C36DAC /* BlogList.swift */,
				0EF69C69292B135100C36DAC /* BlogListCell.swift */,
			);
			path = Presentation;
			sourceTree = "<group>";
		};
		0EF69C6E292B13AF00C36DAC /* Entities */ = {
			isa = PBXGroup;
			children = (
				0EF69C6B292B137100C36DAC /* BlogListCellData.swift */,
			);
			path = Entities;
			sourceTree = "<group>";
		};
		56806D4318C10B041F8D7B4B /* Frameworks */ = {
			isa = PBXGroup;
			children = (
				AAB6F337B4F85BD543A0411B /* Pods_SearchBlog.framework */,
			);
			name = Frameworks;
			sourceTree = "<group>";
		};
/* End PBXGroup section */

/* Begin PBXNativeTarget section */
		0E0B246F2905849E009C71C9 /* SearchBlog */ = {
			isa = PBXNativeTarget;
			buildConfigurationList = 0E0B24842905849F009C71C9 /* Build configuration list for PBXNativeTarget "SearchBlog" */;
			buildPhases = (
				9D0E7862B854ACADC2372039 /* [CP] Check Pods Manifest.lock */,
				0E0B246C2905849E009C71C9 /* Sources */,
				0E0B246D2905849E009C71C9 /* Frameworks */,
				0E0B246E2905849E009C71C9 /* Resources */,
				C049A8B1AF52AB08992A571F /* [CP] Embed Pods Frameworks */,
			);
			buildRules = (
			);
			dependencies = (
			);
			name = SearchBlog;
			productName = SearchBlog;
			productReference = 0E0B24702905849E009C71C9 /* SearchBlog.app */;
			productType = "com.apple.product-type.application";
		};
/* End PBXNativeTarget section */

/* Begin PBXProject section */
		0E0B24682905849E009C71C9 /* Project object */ = {
			isa = PBXProject;
			attributes = {
				BuildIndependentTargetsInParallel = 1;
				LastSwiftUpdateCheck = 1400;
				LastUpgradeCheck = 1400;
				TargetAttributes = {
					0E0B246F2905849E009C71C9 = {
						CreatedOnToolsVersion = 14.0.1;
					};
				};
			};
			buildConfigurationList = 0E0B246B2905849E009C71C9 /* Build configuration list for PBXProject "SearchBlog" */;
			compatibilityVersion = "Xcode 14.0";
			developmentRegion = en;
			hasScannedForEncodings = 0;
			knownRegions = (
				en,
				Base,
			);
			mainGroup = 0E0B24672905849E009C71C9;
			productRefGroup = 0E0B24712905849E009C71C9 /* Products */;
			projectDirPath = "";
			projectRoot = "";
			targets = (
				0E0B246F2905849E009C71C9 /* SearchBlog */,
			);
		};
/* End PBXProject section */

/* Begin PBXResourcesBuildPhase section */
		0E0B246E2905849E009C71C9 /* Resources */ = {
			isa = PBXResourcesBuildPhase;
			buildActionMask = 2147483647;
			files = (
				0E0B24802905849F009C71C9 /* LaunchScreen.storyboard in Resources */,
				0E0B247D2905849F009C71C9 /* Assets.xcassets in Resources */,
			);
			runOnlyForDeploymentPostprocessing = 0;
		};
/* End PBXResourcesBuildPhase section */

/* Begin PBXShellScriptBuildPhase section */
		9D0E7862B854ACADC2372039 /* [CP] Check Pods Manifest.lock */ = {
			isa = PBXShellScriptBuildPhase;
			buildActionMask = 2147483647;
			files = (
			);
			inputFileListPaths = (
			);
			inputPaths = (
				"${PODS_PODFILE_DIR_PATH}/Podfile.lock",
				"${PODS_ROOT}/Manifest.lock",
			);
			name = "[CP] Check Pods Manifest.lock";
			outputFileListPaths = (
			);
			outputPaths = (
				"$(DERIVED_FILE_DIR)/Pods-SearchBlog-checkManifestLockResult.txt",
			);
			runOnlyForDeploymentPostprocessing = 0;
			shellPath = /bin/sh;
			shellScript = "diff \"${PODS_PODFILE_DIR_PATH}/Podfile.lock\" \"${PODS_ROOT}/Manifest.lock\" > /dev/null\nif [ $? != 0 ] ; then\n    # print error to STDERR\n    echo \"error: The sandbox is not in sync with the Podfile.lock. Run 'pod install' or update your CocoaPods installation.\" >&2\n    exit 1\nfi\n# This output is used by Xcode 'outputs' to avoid re-running this script phase.\necho \"SUCCESS\" > \"${SCRIPT_OUTPUT_FILE_0}\"\n";
			showEnvVarsInLog = 0;
		};
		C049A8B1AF52AB08992A571F /* [CP] Embed Pods Frameworks */ = {
			isa = PBXShellScriptBuildPhase;
			buildActionMask = 2147483647;
			files = (
			);
			inputFileListPaths = (
				"${PODS_ROOT}/Target Support Files/Pods-SearchBlog/Pods-SearchBlog-frameworks-${CONFIGURATION}-input-files.xcfilelist",
			);
			name = "[CP] Embed Pods Frameworks";
			outputFileListPaths = (
				"${PODS_ROOT}/Target Support Files/Pods-SearchBlog/Pods-SearchBlog-frameworks-${CONFIGURATION}-output-files.xcfilelist",
			);
			runOnlyForDeploymentPostprocessing = 0;
			shellPath = /bin/sh;
			shellScript = "\"${PODS_ROOT}/Target Support Files/Pods-SearchBlog/Pods-SearchBlog-frameworks.sh\"\n";
			showEnvVarsInLog = 0;
		};
/* End PBXShellScriptBuildPhase section */

/* Begin PBXSourcesBuildPhase section */
		0E0B246C2905849E009C71C9 /* Sources */ = {
			isa = PBXSourcesBuildPhase;
			buildActionMask = 2147483647;
			files = (
				0E0B24782905849E009C71C9 /* MainViewController.swift in Sources */,
				0EF69C6A292B135100C36DAC /* BlogListCell.swift in Sources */,
				0EF69C62292B0A9700C36DAC /* SearchBar.swift in Sources */,
				0EF69C6C292B137100C36DAC /* BlogListCellData.swift in Sources */,
				0E0B24742905849E009C71C9 /* AppDelegate.swift in Sources */,
				0EF69C68292B133E00C36DAC /* BlogList.swift in Sources */,
				0EF69C66292B107100C36DAC /* FilterView.swift in Sources */,
				0E0B24762905849E009C71C9 /* SceneDelegate.swift in Sources */,
			);
			runOnlyForDeploymentPostprocessing = 0;
		};
/* End PBXSourcesBuildPhase section */

/* Begin PBXVariantGroup section */
		0E0B247E2905849F009C71C9 /* LaunchScreen.storyboard */ = {
			isa = PBXVariantGroup;
			children = (
				0E0B247F2905849F009C71C9 /* Base */,
			);
			name = LaunchScreen.storyboard;
			sourceTree = "<group>";
		};
/* End PBXVariantGroup section */

/* Begin XCBuildConfiguration section */
		0E0B24822905849F009C71C9 /* Debug */ = {
			isa = XCBuildConfiguration;
			buildSettings = {
				ALWAYS_SEARCH_USER_PATHS = NO;
				CLANG_ANALYZER_NONNULL = YES;
				CLANG_ANALYZER_NUMBER_OBJECT_CONVERSION = YES_AGGRESSIVE;
				CLANG_CXX_LANGUAGE_STANDARD = "gnu++20";
				CLANG_ENABLE_MODULES = YES;
				CLANG_ENABLE_OBJC_ARC = YES;
				CLANG_ENABLE_OBJC_WEAK = YES;
				CLANG_WARN_BLOCK_CAPTURE_AUTORELEASING = YES;
				CLANG_WARN_BOOL_CONVERSION = YES;
				CLANG_WARN_COMMA = YES;
				CLANG_WARN_CONSTANT_CONVERSION = YES;
				CLANG_WARN_DEPRECATED_OBJC_IMPLEMENTATIONS = YES;
				CLANG_WARN_DIRECT_OBJC_ISA_USAGE = YES_ERROR;
				CLANG_WARN_DOCUMENTATION_COMMENTS = YES;
				CLANG_WARN_EMPTY_BODY = YES;
				CLANG_WARN_ENUM_CONVERSION = YES;
				CLANG_WARN_INFINITE_RECURSION = YES;
				CLANG_WARN_INT_CONVERSION = YES;
				CLANG_WARN_NON_LITERAL_NULL_CONVERSION = YES;
				CLANG_WARN_OBJC_IMPLICIT_RETAIN_SELF = YES;
				CLANG_WARN_OBJC_LITERAL_CONVERSION = YES;
				CLANG_WARN_OBJC_ROOT_CLASS = YES_ERROR;
				CLANG_WARN_QUOTED_INCLUDE_IN_FRAMEWORK_HEADER = YES;
				CLANG_WARN_RANGE_LOOP_ANALYSIS = YES;
				CLANG_WARN_STRICT_PROTOTYPES = YES;
				CLANG_WARN_SUSPICIOUS_MOVE = YES;
				CLANG_WARN_UNGUARDED_AVAILABILITY = YES_AGGRESSIVE;
				CLANG_WARN_UNREACHABLE_CODE = YES;
				CLANG_WARN__DUPLICATE_METHOD_MATCH = YES;
				COPY_PHASE_STRIP = NO;
				DEBUG_INFORMATION_FORMAT = dwarf;
				ENABLE_STRICT_OBJC_MSGSEND = YES;
				ENABLE_TESTABILITY = YES;
				GCC_C_LANGUAGE_STANDARD = gnu11;
				GCC_DYNAMIC_NO_PIC = NO;
				GCC_NO_COMMON_BLOCKS = YES;
				GCC_OPTIMIZATION_LEVEL = 0;
				GCC_PREPROCESSOR_DEFINITIONS = (
					"DEBUG=1",
					"$(inherited)",
				);
				GCC_WARN_64_TO_32_BIT_CONVERSION = YES;
				GCC_WARN_ABOUT_RETURN_TYPE = YES_ERROR;
				GCC_WARN_UNDECLARED_SELECTOR = YES;
				GCC_WARN_UNINITIALIZED_AUTOS = YES_AGGRESSIVE;
				GCC_WARN_UNUSED_FUNCTION = YES;
				GCC_WARN_UNUSED_VARIABLE = YES;
				IPHONEOS_DEPLOYMENT_TARGET = 16.0;
				MTL_ENABLE_DEBUG_INFO = INCLUDE_SOURCE;
				MTL_FAST_MATH = YES;
				ONLY_ACTIVE_ARCH = YES;
				SDKROOT = iphoneos;
				SWIFT_ACTIVE_COMPILATION_CONDITIONS = DEBUG;
				SWIFT_OPTIMIZATION_LEVEL = "-Onone";
			};
			name = Debug;
		};
		0E0B24832905849F009C71C9 /* Release */ = {
			isa = XCBuildConfiguration;
			buildSettings = {
				ALWAYS_SEARCH_USER_PATHS = NO;
				CLANG_ANALYZER_NONNULL = YES;
				CLANG_ANALYZER_NUMBER_OBJECT_CONVERSION = YES_AGGRESSIVE;
				CLANG_CXX_LANGUAGE_STANDARD = "gnu++20";
				CLANG_ENABLE_MODULES = YES;
				CLANG_ENABLE_OBJC_ARC = YES;
				CLANG_ENABLE_OBJC_WEAK = YES;
				CLANG_WARN_BLOCK_CAPTURE_AUTORELEASING = YES;
				CLANG_WARN_BOOL_CONVERSION = YES;
				CLANG_WARN_COMMA = YES;
				CLANG_WARN_CONSTANT_CONVERSION = YES;
				CLANG_WARN_DEPRECATED_OBJC_IMPLEMENTATIONS = YES;
				CLANG_WARN_DIRECT_OBJC_ISA_USAGE = YES_ERROR;
				CLANG_WARN_DOCUMENTATION_COMMENTS = YES;
				CLANG_WARN_EMPTY_BODY = YES;
				CLANG_WARN_ENUM_CONVERSION = YES;
				CLANG_WARN_INFINITE_RECURSION = YES;
				CLANG_WARN_INT_CONVERSION = YES;
				CLANG_WARN_NON_LITERAL_NULL_CONVERSION = YES;
				CLANG_WARN_OBJC_IMPLICIT_RETAIN_SELF = YES;
				CLANG_WARN_OBJC_LITERAL_CONVERSION = YES;
				CLANG_WARN_OBJC_ROOT_CLASS = YES_ERROR;
				CLANG_WARN_QUOTED_INCLUDE_IN_FRAMEWORK_HEADER = YES;
				CLANG_WARN_RANGE_LOOP_ANALYSIS = YES;
				CLANG_WARN_STRICT_PROTOTYPES = YES;
				CLANG_WARN_SUSPICIOUS_MOVE = YES;
				CLANG_WARN_UNGUARDED_AVAILABILITY = YES_AGGRESSIVE;
				CLANG_WARN_UNREACHABLE_CODE = YES;
				CLANG_WARN__DUPLICATE_METHOD_MATCH = YES;
				COPY_PHASE_STRIP = NO;
				DEBUG_INFORMATION_FORMAT = "dwarf-with-dsym";
				ENABLE_NS_ASSERTIONS = NO;
				ENABLE_STRICT_OBJC_MSGSEND = YES;
				GCC_C_LANGUAGE_STANDARD = gnu11;
				GCC_NO_COMMON_BLOCKS = YES;
				GCC_WARN_64_TO_32_BIT_CONVERSION = YES;
				GCC_WARN_ABOUT_RETURN_TYPE = YES_ERROR;
				GCC_WARN_UNDECLARED_SELECTOR = YES;
				GCC_WARN_UNINITIALIZED_AUTOS = YES_AGGRESSIVE;
				GCC_WARN_UNUSED_FUNCTION = YES;
				GCC_WARN_UNUSED_VARIABLE = YES;
				IPHONEOS_DEPLOYMENT_TARGET = 16.0;
				MTL_ENABLE_DEBUG_INFO = NO;
				MTL_FAST_MATH = YES;
				SDKROOT = iphoneos;
				SWIFT_COMPILATION_MODE = wholemodule;
				SWIFT_OPTIMIZATION_LEVEL = "-O";
				VALIDATE_PRODUCT = YES;
			};
			name = Release;
		};
		0E0B24852905849F009C71C9 /* Debug */ = {
			isa = XCBuildConfiguration;
			baseConfigurationReference = 14A41C6FDC5A7E2C1F120290 /* Pods-SearchBlog.debug.xcconfig */;
			buildSettings = {
				ASSETCATALOG_COMPILER_APPICON_NAME = AppIcon;
				ASSETCATALOG_COMPILER_GLOBAL_ACCENT_COLOR_NAME = AccentColor;
				CODE_SIGN_STYLE = Automatic;
				CURRENT_PROJECT_VERSION = 1;
				GENERATE_INFOPLIST_FILE = YES;
				INFOPLIST_FILE = SearchBlog/Info.plist;
				INFOPLIST_KEY_UIApplicationSupportsIndirectInputEvents = YES;
				INFOPLIST_KEY_UILaunchStoryboardName = LaunchScreen;
				INFOPLIST_KEY_UIMainStoryboardFile = "";
				INFOPLIST_KEY_UISupportedInterfaceOrientations_iPad = "UIInterfaceOrientationPortrait UIInterfaceOrientationPortraitUpsideDown UIInterfaceOrientationLandscapeLeft UIInterfaceOrientationLandscapeRight";
				INFOPLIST_KEY_UISupportedInterfaceOrientations_iPhone = "UIInterfaceOrientationPortrait UIInterfaceOrientationLandscapeLeft UIInterfaceOrientationLandscapeRight";
				LD_RUNPATH_SEARCH_PATHS = (
					"$(inherited)",
					"@executable_path/Frameworks",
				);
				MARKETING_VERSION = 1.0;
				PRODUCT_BUNDLE_IDENTIFIER = com.SearchBlog;
				PRODUCT_NAME = "$(TARGET_NAME)";
				SWIFT_EMIT_LOC_STRINGS = YES;
				SWIFT_VERSION = 5.0;
				TARGETED_DEVICE_FAMILY = "1,2";
			};
			name = Debug;
		};
		0E0B24862905849F009C71C9 /* Release */ = {
			isa = XCBuildConfiguration;
			baseConfigurationReference = 9B22E5E77EA4253B11C9699B /* Pods-SearchBlog.release.xcconfig */;
			buildSettings = {
				ASSETCATALOG_COMPILER_APPICON_NAME = AppIcon;
				ASSETCATALOG_COMPILER_GLOBAL_ACCENT_COLOR_NAME = AccentColor;
				CODE_SIGN_STYLE = Automatic;
				CURRENT_PROJECT_VERSION = 1;
				GENERATE_INFOPLIST_FILE = YES;
				INFOPLIST_FILE = SearchBlog/Info.plist;
				INFOPLIST_KEY_UIApplicationSupportsIndirectInputEvents = YES;
				INFOPLIST_KEY_UILaunchStoryboardName = LaunchScreen;
				INFOPLIST_KEY_UIMainStoryboardFile = "";
				INFOPLIST_KEY_UISupportedInterfaceOrientations_iPad = "UIInterfaceOrientationPortrait UIInterfaceOrientationPortraitUpsideDown UIInterfaceOrientationLandscapeLeft UIInterfaceOrientationLandscapeRight";
				INFOPLIST_KEY_UISupportedInterfaceOrientations_iPhone = "UIInterfaceOrientationPortrait UIInterfaceOrientationLandscapeLeft UIInterfaceOrientationLandscapeRight";
				LD_RUNPATH_SEARCH_PATHS = (
					"$(inherited)",
					"@executable_path/Frameworks",
				);
				MARKETING_VERSION = 1.0;
				PRODUCT_BUNDLE_IDENTIFIER = com.SearchBlog;
				PRODUCT_NAME = "$(TARGET_NAME)";
				SWIFT_EMIT_LOC_STRINGS = YES;
				SWIFT_VERSION = 5.0;
				TARGETED_DEVICE_FAMILY = "1,2";
			};
			name = Release;
		};
/* End XCBuildConfiguration section */

/* Begin XCConfigurationList section */
		0E0B246B2905849E009C71C9 /* Build configuration list for PBXProject "SearchBlog" */ = {
			isa = XCConfigurationList;
			buildConfigurations = (
				0E0B24822905849F009C71C9 /* Debug */,
				0E0B24832905849F009C71C9 /* Release */,
			);
			defaultConfigurationIsVisible = 0;
			defaultConfigurationName = Release;
		};
		0E0B24842905849F009C71C9 /* Build configuration list for PBXNativeTarget "SearchBlog" */ = {
			isa = XCConfigurationList;
			buildConfigurations = (
				0E0B24852905849F009C71C9 /* Debug */,
				0E0B24862905849F009C71C9 /* Release */,
			);
			defaultConfigurationIsVisible = 0;
			defaultConfigurationName = Release;
		};
/* End XCConfigurationList section */
	};
	rootObject = 0E0B24682905849E009C71C9 /* Project object */;
}
