// !$*UTF8*$!
{
	archiveVersion = 1;
	classes = {
	};
	objectVersion = 56;
	objects = {

/* Begin PBXBuildFile section */
		0E42C8C2297524C200D1C16F /* AppDelegate.swift in Sources */ = {isa = PBXBuildFile; fileRef = 0E42C8C1297524C200D1C16F /* AppDelegate.swift */; };
		0E42C8C4297524C200D1C16F /* SceneDelegate.swift in Sources */ = {isa = PBXBuildFile; fileRef = 0E42C8C3297524C200D1C16F /* SceneDelegate.swift */; };
		0E42C8CC297524C200D1C16F /* ConvenienceStoreProject.xcdatamodeld in Sources */ = {isa = PBXBuildFile; fileRef = 0E42C8CA297524C200D1C16F /* ConvenienceStoreProject.xcdatamodeld */; };
		0E42C8CE297524C300D1C16F /* Assets.xcassets in Resources */ = {isa = PBXBuildFile; fileRef = 0E42C8CD297524C300D1C16F /* Assets.xcassets */; };
		0E42C8D1297524C300D1C16F /* LaunchScreen.storyboard in Resources */ = {isa = PBXBuildFile; fileRef = 0E42C8CF297524C300D1C16F /* LaunchScreen.storyboard */; };
		0E42C9572975546C00D1C16F /* map_pinup_custom@3x.png in Resources */ = {isa = PBXBuildFile; fileRef = 0E42C9322975546C00D1C16F /* map_pinup_custom@3x.png */; };
		0E42C9582975546C00D1C16F /* map_pin_custom.png in Resources */ = {isa = PBXBuildFile; fileRef = 0E42C9332975546C00D1C16F /* map_pin_custom.png */; };
		0E42C9592975546C00D1C16F /* shadow_balloon.png in Resources */ = {isa = PBXBuildFile; fileRef = 0E42C9342975546C00D1C16F /* shadow_balloon.png */; };
		0E42C95A2975546C00D1C16F /* map_pinup.png in Resources */ = {isa = PBXBuildFile; fileRef = 0E42C9352975546C00D1C16F /* map_pinup.png */; };
		0E42C95B2975546C00D1C16F /* detail_button.png in Resources */ = {isa = PBXBuildFile; fileRef = 0E42C9362975546C00D1C16F /* detail_button.png */; };
		0E42C95C2975546C00D1C16F /* map_pin_custom@3x.png in Resources */ = {isa = PBXBuildFile; fileRef = 0E42C9372975546C00D1C16F /* map_pin_custom@3x.png */; };
		0E42C95D2975546C00D1C16F /* map_pinup@3x.png in Resources */ = {isa = PBXBuildFile; fileRef = 0E42C9382975546C00D1C16F /* map_pinup@3x.png */; };
		0E42C95E2975546C00D1C16F /* map_pin_shadow@3x.png in Resources */ = {isa = PBXBuildFile; fileRef = 0E42C9392975546C00D1C16F /* map_pin_shadow@3x.png */; };
		0E42C95F2975546C00D1C16F /* copyright.png in Resources */ = {isa = PBXBuildFile; fileRef = 0E42C93A2975546C00D1C16F /* copyright.png */; };
		0E42C9602975546C00D1C16F /* th_line.png in Resources */ = {isa = PBXBuildFile; fileRef = 0E42C93B2975546C00D1C16F /* th_line.png */; };
		0E42C9612975546C00D1C16F /* map_pin_red@3x.png in Resources */ = {isa = PBXBuildFile; fileRef = 0E42C93C2975546C00D1C16F /* map_pin_red@3x.png */; };
		0E42C9622975546C00D1C16F /* daum_copyright.png in Resources */ = {isa = PBXBuildFile; fileRef = 0E42C93D2975546C00D1C16F /* daum_copyright.png */; };
		0E42C9632975546C00D1C16F /* map_pin@3x.png in Resources */ = {isa = PBXBuildFile; fileRef = 0E42C93E2975546C00D1C16F /* map_pin@3x.png */; };
		0E42C9642975546C00D1C16F /* map_present_tracking.png in Resources */ = {isa = PBXBuildFile; fileRef = 0E42C93F2975546C00D1C16F /* map_present_tracking.png */; };
		0E42C9652975546C00D1C16F /* map_pin_red.png in Resources */ = {isa = PBXBuildFile; fileRef = 0E42C9402975546C00D1C16F /* map_pin_red.png */; };
		0E42C9662975546C00D1C16F /* info_box.png in Resources */ = {isa = PBXBuildFile; fileRef = 0E42C94A2975546C00D1C16F /* info_box.png */; };
		0E42C9672975546C00D1C16F /* point_sprite.png in Resources */ = {isa = PBXBuildFile; fileRef = 0E42C94B2975546C00D1C16F /* point_sprite.png */; };
		0E42C9682975546C00D1C16F /* map_pinup_custom.png in Resources */ = {isa = PBXBuildFile; fileRef = 0E42C94C2975546C00D1C16F /* map_pinup_custom.png */; };
		0E42C9692975546C00D1C16F /* info_box_tail.png in Resources */ = {isa = PBXBuildFile; fileRef = 0E42C94D2975546C00D1C16F /* info_box_tail.png */; };
		0E42C96A2975546C00D1C16F /* noimage256.png in Resources */ = {isa = PBXBuildFile; fileRef = 0E42C94E2975546C00D1C16F /* noimage256.png */; };
		0E42C96B2975546C00D1C16F /* map_present_direction.png in Resources */ = {isa = PBXBuildFile; fileRef = 0E42C94F2975546C00D1C16F /* map_present_direction.png */; };
		0E42C96C2975546C00D1C16F /* map_pin.png in Resources */ = {isa = PBXBuildFile; fileRef = 0E42C9502975546C00D1C16F /* map_pin.png */; };
		0E42C96D2975546C00D1C16F /* map_present.png in Resources */ = {isa = PBXBuildFile; fileRef = 0E42C9512975546C00D1C16F /* map_present.png */; };
		0E42C96E2975546C00D1C16F /* noimage.png in Resources */ = {isa = PBXBuildFile; fileRef = 0E42C9522975546C00D1C16F /* noimage.png */; };
		0E42C96F2975546C00D1C16F /* map_present_background_update.png in Resources */ = {isa = PBXBuildFile; fileRef = 0E42C9532975546C00D1C16F /* map_present_background_update.png */; };
		0E42C9702975546C00D1C16F /* daum_th_line.png in Resources */ = {isa = PBXBuildFile; fileRef = 0E42C9542975546C00D1C16F /* daum_th_line.png */; };
		0E42C9712975546C00D1C16F /* map_pin_shadow.png in Resources */ = {isa = PBXBuildFile; fileRef = 0E42C9552975546C00D1C16F /* map_pin_shadow.png */; };
		0E42C9722975546C00D1C16F /* DaumMap.framework in Frameworks */ = {isa = PBXBuildFile; fileRef = 0E42C9562975546C00D1C16F /* DaumMap.framework */; };
		0E42C9752975557300D1C16F /* OpenGLES.framework in Frameworks */ = {isa = PBXBuildFile; fileRef = 0E42C9742975557300D1C16F /* OpenGLES.framework */; };
		0E42C9772975557A00D1C16F /* SystemConfiguration.framework in Frameworks */ = {isa = PBXBuildFile; fileRef = 0E42C9762975557A00D1C16F /* SystemConfiguration.framework */; };
		0E42C9792975558B00D1C16F /* CoreLocation.framework in Frameworks */ = {isa = PBXBuildFile; fileRef = 0E42C9782975558B00D1C16F /* CoreLocation.framework */; };
		0E42C97B2975559E00D1C16F /* QuartzCore.framework in Frameworks */ = {isa = PBXBuildFile; fileRef = 0E42C97A2975559E00D1C16F /* QuartzCore.framework */; };
		0E42C97D297555AA00D1C16F /* libc++.tbd in Frameworks */ = {isa = PBXBuildFile; fileRef = 0E42C97C297555AA00D1C16F /* libc++.tbd */; };
		0E42C97F297555BC00D1C16F /* libxml2.tbd in Frameworks */ = {isa = PBXBuildFile; fileRef = 0E42C97E297555BC00D1C16F /* libxml2.tbd */; };
		0E42C981297555D000D1C16F /* libsqlite3.tbd in Frameworks */ = {isa = PBXBuildFile; fileRef = 0E42C980297555D000D1C16F /* libsqlite3.tbd */; };
		0E42C9842975584000D1C16F /* LocationData.swift in Sources */ = {isa = PBXBuildFile; fileRef = 0E42C9832975584000D1C16F /* LocationData.swift */; };
		0E42C9862975586500D1C16F /* KLDocument.swift in Sources */ = {isa = PBXBuildFile; fileRef = 0E42C9852975586500D1C16F /* KLDocument.swift */; };
		0E42C9882975587900D1C16F /* MTMapViewError.swift in Sources */ = {isa = PBXBuildFile; fileRef = 0E42C9872975587900D1C16F /* MTMapViewError.swift */; };
		0E42C98A2975588A00D1C16F /* DetailListCellData.swift in Sources */ = {isa = PBXBuildFile; fileRef = 0E42C9892975588A00D1C16F /* DetailListCellData.swift */; };
		0E42C98D2975594200D1C16F /* LocationInformationViewController.swift in Sources */ = {isa = PBXBuildFile; fileRef = 0E42C98C2975594200D1C16F /* LocationInformationViewController.swift */; };
		0E42C99029755A1E00D1C16F /* RxBlocking in Frameworks */ = {isa = PBXBuildFile; productRef = 0E42C98F29755A1E00D1C16F /* RxBlocking */; };
		0E42C99229755A1E00D1C16F /* RxCocoa in Frameworks */ = {isa = PBXBuildFile; productRef = 0E42C99129755A1E00D1C16F /* RxCocoa */; };
		0E42C99429755A1E00D1C16F /* RxRelay in Frameworks */ = {isa = PBXBuildFile; productRef = 0E42C99329755A1E00D1C16F /* RxRelay */; };
		0E42C99629755A1E00D1C16F /* RxSwift in Frameworks */ = {isa = PBXBuildFile; productRef = 0E42C99529755A1E00D1C16F /* RxSwift */; };
		0E42C99829755A1E00D1C16F /* RxTest in Frameworks */ = {isa = PBXBuildFile; productRef = 0E42C99729755A1E00D1C16F /* RxTest */; };
		0E42C99B29755A4300D1C16F /* SnapKit in Frameworks */ = {isa = PBXBuildFile; productRef = 0E42C99A29755A4300D1C16F /* SnapKit */; };
		0E42C99D29755B1C00D1C16F /* LocationInformationViewModel.swift in Sources */ = {isa = PBXBuildFile; fileRef = 0E42C99C29755B1C00D1C16F /* LocationInformationViewModel.swift */; };
		0E42C99F29757A6900D1C16F /* DetailListCell.swift in Sources */ = {isa = PBXBuildFile; fileRef = 0E42C99E29757A6900D1C16F /* DetailListCell.swift */; };
/* End PBXBuildFile section */

/* Begin PBXFileReference section */
		0E42C8BE297524C200D1C16F /* ConvenienceStoreProject.app */ = {isa = PBXFileReference; explicitFileType = wrapper.application; includeInIndex = 0; path = ConvenienceStoreProject.app; sourceTree = BUILT_PRODUCTS_DIR; };
		0E42C8C1297524C200D1C16F /* AppDelegate.swift */ = {isa = PBXFileReference; lastKnownFileType = sourcecode.swift; path = AppDelegate.swift; sourceTree = "<group>"; };
		0E42C8C3297524C200D1C16F /* SceneDelegate.swift */ = {isa = PBXFileReference; lastKnownFileType = sourcecode.swift; path = SceneDelegate.swift; sourceTree = "<group>"; };
		0E42C8CB297524C200D1C16F /* ConvenienceStoreProject.xcdatamodel */ = {isa = PBXFileReference; lastKnownFileType = wrapper.xcdatamodel; path = ConvenienceStoreProject.xcdatamodel; sourceTree = "<group>"; };
		0E42C8CD297524C300D1C16F /* Assets.xcassets */ = {isa = PBXFileReference; lastKnownFileType = folder.assetcatalog; path = Assets.xcassets; sourceTree = "<group>"; };
		0E42C8D0297524C300D1C16F /* Base */ = {isa = PBXFileReference; lastKnownFileType = file.storyboard; name = Base; path = Base.lproj/LaunchScreen.storyboard; sourceTree = "<group>"; };
		0E42C8D2297524C300D1C16F /* Info.plist */ = {isa = PBXFileReference; lastKnownFileType = text.plist.xml; path = Info.plist; sourceTree = "<group>"; };
		0E42C9322975546C00D1C16F /* map_pinup_custom@3x.png */ = {isa = PBXFileReference; lastKnownFileType = image.png; path = "map_pinup_custom@3x.png"; sourceTree = "<group>"; };
		0E42C9332975546C00D1C16F /* map_pin_custom.png */ = {isa = PBXFileReference; lastKnownFileType = image.png; path = map_pin_custom.png; sourceTree = "<group>"; };
		0E42C9342975546C00D1C16F /* shadow_balloon.png */ = {isa = PBXFileReference; lastKnownFileType = image.png; path = shadow_balloon.png; sourceTree = "<group>"; };
		0E42C9352975546C00D1C16F /* map_pinup.png */ = {isa = PBXFileReference; lastKnownFileType = image.png; path = map_pinup.png; sourceTree = "<group>"; };
		0E42C9362975546C00D1C16F /* detail_button.png */ = {isa = PBXFileReference; lastKnownFileType = image.png; path = detail_button.png; sourceTree = "<group>"; };
		0E42C9372975546C00D1C16F /* map_pin_custom@3x.png */ = {isa = PBXFileReference; lastKnownFileType = image.png; path = "map_pin_custom@3x.png"; sourceTree = "<group>"; };
		0E42C9382975546C00D1C16F /* map_pinup@3x.png */ = {isa = PBXFileReference; lastKnownFileType = image.png; path = "map_pinup@3x.png"; sourceTree = "<group>"; };
		0E42C9392975546C00D1C16F /* map_pin_shadow@3x.png */ = {isa = PBXFileReference; lastKnownFileType = image.png; path = "map_pin_shadow@3x.png"; sourceTree = "<group>"; };
		0E42C93A2975546C00D1C16F /* copyright.png */ = {isa = PBXFileReference; lastKnownFileType = image.png; path = copyright.png; sourceTree = "<group>"; };
		0E42C93B2975546C00D1C16F /* th_line.png */ = {isa = PBXFileReference; lastKnownFileType = image.png; path = th_line.png; sourceTree = "<group>"; };
		0E42C93C2975546C00D1C16F /* map_pin_red@3x.png */ = {isa = PBXFileReference; lastKnownFileType = image.png; path = "map_pin_red@3x.png"; sourceTree = "<group>"; };
		0E42C93D2975546C00D1C16F /* daum_copyright.png */ = {isa = PBXFileReference; lastKnownFileType = image.png; path = daum_copyright.png; sourceTree = "<group>"; };
		0E42C93E2975546C00D1C16F /* map_pin@3x.png */ = {isa = PBXFileReference; lastKnownFileType = image.png; path = "map_pin@3x.png"; sourceTree = "<group>"; };
		0E42C93F2975546C00D1C16F /* map_present_tracking.png */ = {isa = PBXFileReference; lastKnownFileType = image.png; path = map_present_tracking.png; sourceTree = "<group>"; };
		0E42C9402975546C00D1C16F /* map_pin_red.png */ = {isa = PBXFileReference; lastKnownFileType = image.png; path = map_pin_red.png; sourceTree = "<group>"; };
		0E42C9422975546C00D1C16F /* MTMapPOIItem.h */ = {isa = PBXFileReference; fileEncoding = 4; lastKnownFileType = sourcecode.c.h; path = MTMapPOIItem.h; sourceTree = "<group>"; };
		0E42C9432975546C00D1C16F /* MTMapCameraUpdate.h */ = {isa = PBXFileReference; fileEncoding = 4; lastKnownFileType = sourcecode.c.h; path = MTMapCameraUpdate.h; sourceTree = "<group>"; };
		0E42C9442975546C00D1C16F /* MTMapReverseGeoCoder.h */ = {isa = PBXFileReference; fileEncoding = 4; lastKnownFileType = sourcecode.c.h; path = MTMapReverseGeoCoder.h; sourceTree = "<group>"; };
		0E42C9452975546C00D1C16F /* MTMapPolyline.h */ = {isa = PBXFileReference; fileEncoding = 4; lastKnownFileType = sourcecode.c.h; path = MTMapPolyline.h; sourceTree = "<group>"; };
		0E42C9462975546C00D1C16F /* MTMapLocationMarkerItem.h */ = {isa = PBXFileReference; fileEncoding = 4; lastKnownFileType = sourcecode.c.h; path = MTMapLocationMarkerItem.h; sourceTree = "<group>"; };
		0E42C9472975546C00D1C16F /* MTMapView.h */ = {isa = PBXFileReference; fileEncoding = 4; lastKnownFileType = sourcecode.c.h; path = MTMapView.h; sourceTree = "<group>"; };
		0E42C9482975546C00D1C16F /* MTMapGeometry.h */ = {isa = PBXFileReference; fileEncoding = 4; lastKnownFileType = sourcecode.c.h; path = MTMapGeometry.h; sourceTree = "<group>"; };
		0E42C9492975546C00D1C16F /* MTMapCircle.h */ = {isa = PBXFileReference; fileEncoding = 4; lastKnownFileType = sourcecode.c.h; path = MTMapCircle.h; sourceTree = "<group>"; };
		0E42C94A2975546C00D1C16F /* info_box.png */ = {isa = PBXFileReference; lastKnownFileType = image.png; path = info_box.png; sourceTree = "<group>"; };
		0E42C94B2975546C00D1C16F /* point_sprite.png */ = {isa = PBXFileReference; lastKnownFileType = image.png; path = point_sprite.png; sourceTree = "<group>"; };
		0E42C94C2975546C00D1C16F /* map_pinup_custom.png */ = {isa = PBXFileReference; lastKnownFileType = image.png; path = map_pinup_custom.png; sourceTree = "<group>"; };
		0E42C94D2975546C00D1C16F /* info_box_tail.png */ = {isa = PBXFileReference; lastKnownFileType = image.png; path = info_box_tail.png; sourceTree = "<group>"; };
		0E42C94E2975546C00D1C16F /* noimage256.png */ = {isa = PBXFileReference; lastKnownFileType = image.png; path = noimage256.png; sourceTree = "<group>"; };
		0E42C94F2975546C00D1C16F /* map_present_direction.png */ = {isa = PBXFileReference; lastKnownFileType = image.png; path = map_present_direction.png; sourceTree = "<group>"; };
		0E42C9502975546C00D1C16F /* map_pin.png */ = {isa = PBXFileReference; lastKnownFileType = image.png; path = map_pin.png; sourceTree = "<group>"; };
		0E42C9512975546C00D1C16F /* map_present.png */ = {isa = PBXFileReference; lastKnownFileType = image.png; path = map_present.png; sourceTree = "<group>"; };
		0E42C9522975546C00D1C16F /* noimage.png */ = {isa = PBXFileReference; lastKnownFileType = image.png; path = noimage.png; sourceTree = "<group>"; };
		0E42C9532975546C00D1C16F /* map_present_background_update.png */ = {isa = PBXFileReference; lastKnownFileType = image.png; path = map_present_background_update.png; sourceTree = "<group>"; };
		0E42C9542975546C00D1C16F /* daum_th_line.png */ = {isa = PBXFileReference; lastKnownFileType = image.png; path = daum_th_line.png; sourceTree = "<group>"; };
		0E42C9552975546C00D1C16F /* map_pin_shadow.png */ = {isa = PBXFileReference; lastKnownFileType = image.png; path = map_pin_shadow.png; sourceTree = "<group>"; };
		0E42C9562975546C00D1C16F /* DaumMap.framework */ = {isa = PBXFileReference; lastKnownFileType = wrapper.framework; path = DaumMap.framework; sourceTree = "<group>"; };
		0E42C973297554AB00D1C16F /* BridgingHeader.h */ = {isa = PBXFileReference; lastKnownFileType = sourcecode.c.h; path = BridgingHeader.h; sourceTree = "<group>"; };
		0E42C9742975557300D1C16F /* OpenGLES.framework */ = {isa = PBXFileReference; lastKnownFileType = wrapper.framework; name = OpenGLES.framework; path = System/Library/Frameworks/OpenGLES.framework; sourceTree = SDKROOT; };
		0E42C9762975557A00D1C16F /* SystemConfiguration.framework */ = {isa = PBXFileReference; lastKnownFileType = wrapper.framework; name = SystemConfiguration.framework; path = System/Library/Frameworks/SystemConfiguration.framework; sourceTree = SDKROOT; };
		0E42C9782975558B00D1C16F /* CoreLocation.framework */ = {isa = PBXFileReference; lastKnownFileType = wrapper.framework; name = CoreLocation.framework; path = System/Library/Frameworks/CoreLocation.framework; sourceTree = SDKROOT; };
		0E42C97A2975559E00D1C16F /* QuartzCore.framework */ = {isa = PBXFileReference; lastKnownFileType = wrapper.framework; name = QuartzCore.framework; path = System/Library/Frameworks/QuartzCore.framework; sourceTree = SDKROOT; };
		0E42C97C297555AA00D1C16F /* libc++.tbd */ = {isa = PBXFileReference; lastKnownFileType = "sourcecode.text-based-dylib-definition"; name = "libc++.tbd"; path = "usr/lib/libc++.tbd"; sourceTree = SDKROOT; };
		0E42C97E297555BC00D1C16F /* libxml2.tbd */ = {isa = PBXFileReference; lastKnownFileType = "sourcecode.text-based-dylib-definition"; name = libxml2.tbd; path = usr/lib/libxml2.tbd; sourceTree = SDKROOT; };
		0E42C980297555D000D1C16F /* libsqlite3.tbd */ = {isa = PBXFileReference; lastKnownFileType = "sourcecode.text-based-dylib-definition"; name = libsqlite3.tbd; path = usr/lib/libsqlite3.tbd; sourceTree = SDKROOT; };
		0E42C9832975584000D1C16F /* LocationData.swift */ = {isa = PBXFileReference; lastKnownFileType = sourcecode.swift; path = LocationData.swift; sourceTree = "<group>"; };
		0E42C9852975586500D1C16F /* KLDocument.swift */ = {isa = PBXFileReference; lastKnownFileType = sourcecode.swift; path = KLDocument.swift; sourceTree = "<group>"; };
		0E42C9872975587900D1C16F /* MTMapViewError.swift */ = {isa = PBXFileReference; lastKnownFileType = sourcecode.swift; path = MTMapViewError.swift; sourceTree = "<group>"; };
		0E42C9892975588A00D1C16F /* DetailListCellData.swift */ = {isa = PBXFileReference; lastKnownFileType = sourcecode.swift; path = DetailListCellData.swift; sourceTree = "<group>"; };
		0E42C98C2975594200D1C16F /* LocationInformationViewController.swift */ = {isa = PBXFileReference; lastKnownFileType = sourcecode.swift; path = LocationInformationViewController.swift; sourceTree = "<group>"; };
		0E42C99C29755B1C00D1C16F /* LocationInformationViewModel.swift */ = {isa = PBXFileReference; lastKnownFileType = sourcecode.swift; path = LocationInformationViewModel.swift; sourceTree = "<group>"; };
		0E42C99E29757A6900D1C16F /* DetailListCell.swift */ = {isa = PBXFileReference; lastKnownFileType = sourcecode.swift; path = DetailListCell.swift; sourceTree = "<group>"; };
/* End PBXFileReference section */

/* Begin PBXFrameworksBuildPhase section */
		0E42C8BB297524C200D1C16F /* Frameworks */ = {
			isa = PBXFrameworksBuildPhase;
			buildActionMask = 2147483647;
			files = (
				0E42C99829755A1E00D1C16F /* RxTest in Frameworks */,
				0E42C981297555D000D1C16F /* libsqlite3.tbd in Frameworks */,
				0E42C99029755A1E00D1C16F /* RxBlocking in Frameworks */,
				0E42C99B29755A4300D1C16F /* SnapKit in Frameworks */,
				0E42C99229755A1E00D1C16F /* RxCocoa in Frameworks */,
				0E42C97F297555BC00D1C16F /* libxml2.tbd in Frameworks */,
				0E42C97D297555AA00D1C16F /* libc++.tbd in Frameworks */,
				0E42C97B2975559E00D1C16F /* QuartzCore.framework in Frameworks */,
				0E42C99629755A1E00D1C16F /* RxSwift in Frameworks */,
				0E42C9792975558B00D1C16F /* CoreLocation.framework in Frameworks */,
				0E42C9772975557A00D1C16F /* SystemConfiguration.framework in Frameworks */,
				0E42C9752975557300D1C16F /* OpenGLES.framework in Frameworks */,
				0E42C9722975546C00D1C16F /* DaumMap.framework in Frameworks */,
				0E42C99429755A1E00D1C16F /* RxRelay in Frameworks */,
			);
			runOnlyForDeploymentPostprocessing = 0;
		};
/* End PBXFrameworksBuildPhase section */

/* Begin PBXGroup section */
		0E42C8B5297524C100D1C16F = {
			isa = PBXGroup;
			children = (
				0E42C8C0297524C200D1C16F /* ConvenienceStoreProject */,
				0E42C91B297553A200D1C16F /* Frameworks */,
				0E42C8BF297524C200D1C16F /* Products */,
			);
			sourceTree = "<group>";
		};
		0E42C8BF297524C200D1C16F /* Products */ = {
			isa = PBXGroup;
			children = (
				0E42C8BE297524C200D1C16F /* ConvenienceStoreProject.app */,
			);
			name = Products;
			sourceTree = "<group>";
		};
		0E42C8C0297524C200D1C16F /* ConvenienceStoreProject */ = {
			isa = PBXGroup;
			children = (
				0E42C973297554AB00D1C16F /* BridgingHeader.h */,
				0E42C8C1297524C200D1C16F /* AppDelegate.swift */,
				0E42C8C3297524C200D1C16F /* SceneDelegate.swift */,
				0E42C98B297558F700D1C16F /* Presentation */,
				0E42C9822975582900D1C16F /* Entities */,
				0E42C8CD297524C300D1C16F /* Assets.xcassets */,
				0E42C8CF297524C300D1C16F /* LaunchScreen.storyboard */,
				0E42C8D2297524C300D1C16F /* Info.plist */,
				0E42C8CA297524C200D1C16F /* ConvenienceStoreProject.xcdatamodeld */,
			);
			path = ConvenienceStoreProject;
			sourceTree = "<group>";
		};
		0E42C91B297553A200D1C16F /* Frameworks */ = {
			isa = PBXGroup;
			children = (
				0E42C980297555D000D1C16F /* libsqlite3.tbd */,
				0E42C97E297555BC00D1C16F /* libxml2.tbd */,
				0E42C97C297555AA00D1C16F /* libc++.tbd */,
				0E42C97A2975559E00D1C16F /* QuartzCore.framework */,
				0E42C9782975558B00D1C16F /* CoreLocation.framework */,
				0E42C9762975557A00D1C16F /* SystemConfiguration.framework */,
				0E42C9742975557300D1C16F /* OpenGLES.framework */,
				0E42C9302975546C00D1C16F /* DaumMap.embeddedframework */,
			);
			path = Frameworks;
			sourceTree = "<group>";
		};
		0E42C9302975546C00D1C16F /* DaumMap.embeddedframework */ = {
			isa = PBXGroup;
			children = (
				0E42C9312975546C00D1C16F /* Resources */,
				0E42C9562975546C00D1C16F /* DaumMap.framework */,
			);
			path = DaumMap.embeddedframework;
			sourceTree = "<group>";
		};
		0E42C9312975546C00D1C16F /* Resources */ = {
			isa = PBXGroup;
			children = (
				0E42C9322975546C00D1C16F /* map_pinup_custom@3x.png */,
				0E42C9332975546C00D1C16F /* map_pin_custom.png */,
				0E42C9342975546C00D1C16F /* shadow_balloon.png */,
				0E42C9352975546C00D1C16F /* map_pinup.png */,
				0E42C9362975546C00D1C16F /* detail_button.png */,
				0E42C9372975546C00D1C16F /* map_pin_custom@3x.png */,
				0E42C9382975546C00D1C16F /* map_pinup@3x.png */,
				0E42C9392975546C00D1C16F /* map_pin_shadow@3x.png */,
				0E42C93A2975546C00D1C16F /* copyright.png */,
				0E42C93B2975546C00D1C16F /* th_line.png */,
				0E42C93C2975546C00D1C16F /* map_pin_red@3x.png */,
				0E42C93D2975546C00D1C16F /* daum_copyright.png */,
				0E42C93E2975546C00D1C16F /* map_pin@3x.png */,
				0E42C93F2975546C00D1C16F /* map_present_tracking.png */,
				0E42C9402975546C00D1C16F /* map_pin_red.png */,
				0E42C9412975546C00D1C16F /* Headers */,
				0E42C94A2975546C00D1C16F /* info_box.png */,
				0E42C94B2975546C00D1C16F /* point_sprite.png */,
				0E42C94C2975546C00D1C16F /* map_pinup_custom.png */,
				0E42C94D2975546C00D1C16F /* info_box_tail.png */,
				0E42C94E2975546C00D1C16F /* noimage256.png */,
				0E42C94F2975546C00D1C16F /* map_present_direction.png */,
				0E42C9502975546C00D1C16F /* map_pin.png */,
				0E42C9512975546C00D1C16F /* map_present.png */,
				0E42C9522975546C00D1C16F /* noimage.png */,
				0E42C9532975546C00D1C16F /* map_present_background_update.png */,
				0E42C9542975546C00D1C16F /* daum_th_line.png */,
				0E42C9552975546C00D1C16F /* map_pin_shadow.png */,
			);
			path = Resources;
			sourceTree = "<group>";
		};
		0E42C9412975546C00D1C16F /* Headers */ = {
			isa = PBXGroup;
			children = (
				0E42C9422975546C00D1C16F /* MTMapPOIItem.h */,
				0E42C9432975546C00D1C16F /* MTMapCameraUpdate.h */,
				0E42C9442975546C00D1C16F /* MTMapReverseGeoCoder.h */,
				0E42C9452975546C00D1C16F /* MTMapPolyline.h */,
				0E42C9462975546C00D1C16F /* MTMapLocationMarkerItem.h */,
				0E42C9472975546C00D1C16F /* MTMapView.h */,
				0E42C9482975546C00D1C16F /* MTMapGeometry.h */,
				0E42C9492975546C00D1C16F /* MTMapCircle.h */,
			);
			path = Headers;
			sourceTree = "<group>";
		};
		0E42C9822975582900D1C16F /* Entities */ = {
			isa = PBXGroup;
			children = (
				0E42C9832975584000D1C16F /* LocationData.swift */,
				0E42C9852975586500D1C16F /* KLDocument.swift */,
				0E42C9872975587900D1C16F /* MTMapViewError.swift */,
				0E42C9892975588A00D1C16F /* DetailListCellData.swift */,
			);
			path = Entities;
			sourceTree = "<group>";
		};
		0E42C98B297558F700D1C16F /* Presentation */ = {
			isa = PBXGroup;
			children = (
				0E42C98C2975594200D1C16F /* LocationInformationViewController.swift */,
				0E42C99C29755B1C00D1C16F /* LocationInformationViewModel.swift */,
				0E42C99E29757A6900D1C16F /* DetailListCell.swift */,
			);
			path = Presentation;
			sourceTree = "<group>";
		};
/* End PBXGroup section */

/* Begin PBXNativeTarget section */
		0E42C8BD297524C200D1C16F /* ConvenienceStoreProject */ = {
			isa = PBXNativeTarget;
			buildConfigurationList = 0E42C8D5297524C300D1C16F /* Build configuration list for PBXNativeTarget "ConvenienceStoreProject" */;
			buildPhases = (
				0E42C8BA297524C200D1C16F /* Sources */,
				0E42C8BB297524C200D1C16F /* Frameworks */,
				0E42C8BC297524C200D1C16F /* Resources */,
			);
			buildRules = (
			);
			dependencies = (
			);
			name = ConvenienceStoreProject;
			packageProductDependencies = (
				0E42C98F29755A1E00D1C16F /* RxBlocking */,
				0E42C99129755A1E00D1C16F /* RxCocoa */,
				0E42C99329755A1E00D1C16F /* RxRelay */,
				0E42C99529755A1E00D1C16F /* RxSwift */,
				0E42C99729755A1E00D1C16F /* RxTest */,
				0E42C99A29755A4300D1C16F /* SnapKit */,
			);
			productName = ConvenienceStoreProject;
			productReference = 0E42C8BE297524C200D1C16F /* ConvenienceStoreProject.app */;
			productType = "com.apple.product-type.application";
		};
/* End PBXNativeTarget section */

/* Begin PBXProject section */
		0E42C8B6297524C100D1C16F /* Project object */ = {
			isa = PBXProject;
			attributes = {
				BuildIndependentTargetsInParallel = 1;
				LastSwiftUpdateCheck = 1420;
				LastUpgradeCheck = 1420;
				TargetAttributes = {
					0E42C8BD297524C200D1C16F = {
						CreatedOnToolsVersion = 14.2;
					};
				};
			};
			buildConfigurationList = 0E42C8B9297524C100D1C16F /* Build configuration list for PBXProject "ConvenienceStoreProject" */;
			compatibilityVersion = "Xcode 14.0";
			developmentRegion = en;
			hasScannedForEncodings = 0;
			knownRegions = (
				en,
				Base,
			);
			mainGroup = 0E42C8B5297524C100D1C16F;
			packageReferences = (
				0E42C98E29755A1E00D1C16F /* XCRemoteSwiftPackageReference "RxSwift" */,
				0E42C99929755A4300D1C16F /* XCRemoteSwiftPackageReference "SnapKit" */,
			);
			productRefGroup = 0E42C8BF297524C200D1C16F /* Products */;
			projectDirPath = "";
			projectRoot = "";
			targets = (
				0E42C8BD297524C200D1C16F /* ConvenienceStoreProject */,
			);
		};
/* End PBXProject section */

/* Begin PBXResourcesBuildPhase section */
		0E42C8BC297524C200D1C16F /* Resources */ = {
			isa = PBXResourcesBuildPhase;
			buildActionMask = 2147483647;
			files = (
				0E42C9692975546C00D1C16F /* info_box_tail.png in Resources */,
				0E42C95E2975546C00D1C16F /* map_pin_shadow@3x.png in Resources */,
				0E42C96C2975546C00D1C16F /* map_pin.png in Resources */,
				0E42C9652975546C00D1C16F /* map_pin_red.png in Resources */,
				0E42C95D2975546C00D1C16F /* map_pinup@3x.png in Resources */,
				0E42C9672975546C00D1C16F /* point_sprite.png in Resources */,
				0E42C9632975546C00D1C16F /* map_pin@3x.png in Resources */,
				0E42C96A2975546C00D1C16F /* noimage256.png in Resources */,
				0E42C96D2975546C00D1C16F /* map_present.png in Resources */,
				0E42C9622975546C00D1C16F /* daum_copyright.png in Resources */,
				0E42C95F2975546C00D1C16F /* copyright.png in Resources */,
				0E42C9592975546C00D1C16F /* shadow_balloon.png in Resources */,
				0E42C95C2975546C00D1C16F /* map_pin_custom@3x.png in Resources */,
				0E42C9602975546C00D1C16F /* th_line.png in Resources */,
				0E42C9682975546C00D1C16F /* map_pinup_custom.png in Resources */,
				0E42C8D1297524C300D1C16F /* LaunchScreen.storyboard in Resources */,
				0E42C9702975546C00D1C16F /* daum_th_line.png in Resources */,
				0E42C9572975546C00D1C16F /* map_pinup_custom@3x.png in Resources */,
				0E42C8CE297524C300D1C16F /* Assets.xcassets in Resources */,
				0E42C9642975546C00D1C16F /* map_present_tracking.png in Resources */,
				0E42C9712975546C00D1C16F /* map_pin_shadow.png in Resources */,
				0E42C96B2975546C00D1C16F /* map_present_direction.png in Resources */,
				0E42C96F2975546C00D1C16F /* map_present_background_update.png in Resources */,
				0E42C95B2975546C00D1C16F /* detail_button.png in Resources */,
				0E42C9612975546C00D1C16F /* map_pin_red@3x.png in Resources */,
				0E42C96E2975546C00D1C16F /* noimage.png in Resources */,
				0E42C9662975546C00D1C16F /* info_box.png in Resources */,
				0E42C9582975546C00D1C16F /* map_pin_custom.png in Resources */,
				0E42C95A2975546C00D1C16F /* map_pinup.png in Resources */,
			);
			runOnlyForDeploymentPostprocessing = 0;
		};
/* End PBXResourcesBuildPhase section */

/* Begin PBXSourcesBuildPhase section */
		0E42C8BA297524C200D1C16F /* Sources */ = {
			isa = PBXSourcesBuildPhase;
			buildActionMask = 2147483647;
			files = (
				0E42C98D2975594200D1C16F /* LocationInformationViewController.swift in Sources */,
				0E42C9882975587900D1C16F /* MTMapViewError.swift in Sources */,
				0E42C99F29757A6900D1C16F /* DetailListCell.swift in Sources */,
				0E42C8CC297524C200D1C16F /* ConvenienceStoreProject.xcdatamodeld in Sources */,
				0E42C99D29755B1C00D1C16F /* LocationInformationViewModel.swift in Sources */,
				0E42C8C2297524C200D1C16F /* AppDelegate.swift in Sources */,
				0E42C98A2975588A00D1C16F /* DetailListCellData.swift in Sources */,
				0E42C8C4297524C200D1C16F /* SceneDelegate.swift in Sources */,
				0E42C9842975584000D1C16F /* LocationData.swift in Sources */,
				0E42C9862975586500D1C16F /* KLDocument.swift in Sources */,
			);
			runOnlyForDeploymentPostprocessing = 0;
		};
/* End PBXSourcesBuildPhase section */

/* Begin PBXVariantGroup section */
		0E42C8CF297524C300D1C16F /* LaunchScreen.storyboard */ = {
			isa = PBXVariantGroup;
			children = (
				0E42C8D0297524C300D1C16F /* Base */,
			);
			name = LaunchScreen.storyboard;
			sourceTree = "<group>";
		};
/* End PBXVariantGroup section */

/* Begin XCBuildConfiguration section */
		0E42C8D3297524C300D1C16F /* Debug */ = {
			isa = XCBuildConfiguration;
			buildSettings = {
				ALWAYS_SEARCH_USER_PATHS = NO;
				CLANG_ANALYZER_NONNULL = YES;
				CLANG_ANALYZER_NUMBER_OBJECT_CONVERSION = YES_AGGRESSIVE;
				CLANG_CXX_LANGUAGE_STANDARD = "gnu++20";
				CLANG_ENABLE_MODULES = YES;
				CLANG_ENABLE_OBJC_ARC = NO;
				CLANG_ENABLE_OBJC_WEAK = YES;
				CLANG_WARN_BLOCK_CAPTURE_AUTORELEASING = YES;
				CLANG_WARN_BOOL_CONVERSION = YES;
				CLANG_WARN_COMMA = YES;
				CLANG_WARN_CONSTANT_CONVERSION = YES;
				CLANG_WARN_DEPRECATED_OBJC_IMPLEMENTATIONS = YES;
				CLANG_WARN_DIRECT_OBJC_ISA_USAGE = YES_ERROR;
				CLANG_WARN_DOCUMENTATION_COMMENTS = YES;
				CLANG_WARN_EMPTY_BODY = YES;
				CLANG_WARN_ENUM_CONVERSION = YES;
				CLANG_WARN_INFINITE_RECURSION = YES;
				CLANG_WARN_INT_CONVERSION = YES;
				CLANG_WARN_NON_LITERAL_NULL_CONVERSION = YES;
				CLANG_WARN_OBJC_IMPLICIT_RETAIN_SELF = YES;
				CLANG_WARN_OBJC_LITERAL_CONVERSION = YES;
				CLANG_WARN_OBJC_ROOT_CLASS = YES_ERROR;
				CLANG_WARN_QUOTED_INCLUDE_IN_FRAMEWORK_HEADER = YES;
				CLANG_WARN_RANGE_LOOP_ANALYSIS = YES;
				CLANG_WARN_STRICT_PROTOTYPES = YES;
				CLANG_WARN_SUSPICIOUS_MOVE = YES;
				CLANG_WARN_UNGUARDED_AVAILABILITY = YES_AGGRESSIVE;
				CLANG_WARN_UNREACHABLE_CODE = YES;
				CLANG_WARN__DUPLICATE_METHOD_MATCH = YES;
				COPY_PHASE_STRIP = NO;
				DEBUG_INFORMATION_FORMAT = dwarf;
				ENABLE_STRICT_OBJC_MSGSEND = YES;
				ENABLE_TESTABILITY = YES;
				GCC_C_LANGUAGE_STANDARD = gnu11;
				GCC_DYNAMIC_NO_PIC = NO;
				GCC_NO_COMMON_BLOCKS = YES;
				GCC_OPTIMIZATION_LEVEL = 0;
				GCC_PREPROCESSOR_DEFINITIONS = (
					"DEBUG=1",
					"$(inherited)",
				);
				GCC_WARN_64_TO_32_BIT_CONVERSION = YES;
				GCC_WARN_ABOUT_RETURN_TYPE = YES_ERROR;
				GCC_WARN_UNDECLARED_SELECTOR = YES;
				GCC_WARN_UNINITIALIZED_AUTOS = YES_AGGRESSIVE;
				GCC_WARN_UNUSED_FUNCTION = YES;
				GCC_WARN_UNUSED_VARIABLE = YES;
				IPHONEOS_DEPLOYMENT_TARGET = 16.2;
				MTL_ENABLE_DEBUG_INFO = INCLUDE_SOURCE;
				MTL_FAST_MATH = YES;
				ONLY_ACTIVE_ARCH = YES;
				SDKROOT = iphoneos;
				SWIFT_ACTIVE_COMPILATION_CONDITIONS = DEBUG;
				SWIFT_OBJC_BRIDGING_HEADER = /Users/junha/Desktop/iOS/Project/ConvenienceStoreProject/ConvenienceStoreProject/BridgingHeader.h;
				SWIFT_OPTIMIZATION_LEVEL = "-Onone";
			};
			name = Debug;
		};
		0E42C8D4297524C300D1C16F /* Release */ = {
			isa = XCBuildConfiguration;
			buildSettings = {
				ALWAYS_SEARCH_USER_PATHS = NO;
				CLANG_ANALYZER_NONNULL = YES;
				CLANG_ANALYZER_NUMBER_OBJECT_CONVERSION = YES_AGGRESSIVE;
				CLANG_CXX_LANGUAGE_STANDARD = "gnu++20";
				CLANG_ENABLE_MODULES = YES;
				CLANG_ENABLE_OBJC_ARC = NO;
				CLANG_ENABLE_OBJC_WEAK = YES;
				CLANG_WARN_BLOCK_CAPTURE_AUTORELEASING = YES;
				CLANG_WARN_BOOL_CONVERSION = YES;
				CLANG_WARN_COMMA = YES;
				CLANG_WARN_CONSTANT_CONVERSION = YES;
				CLANG_WARN_DEPRECATED_OBJC_IMPLEMENTATIONS = YES;
				CLANG_WARN_DIRECT_OBJC_ISA_USAGE = YES_ERROR;
				CLANG_WARN_DOCUMENTATION_COMMENTS = YES;
				CLANG_WARN_EMPTY_BODY = YES;
				CLANG_WARN_ENUM_CONVERSION = YES;
				CLANG_WARN_INFINITE_RECURSION = YES;
				CLANG_WARN_INT_CONVERSION = YES;
				CLANG_WARN_NON_LITERAL_NULL_CONVERSION = YES;
				CLANG_WARN_OBJC_IMPLICIT_RETAIN_SELF = YES;
				CLANG_WARN_OBJC_LITERAL_CONVERSION = YES;
				CLANG_WARN_OBJC_ROOT_CLASS = YES_ERROR;
				CLANG_WARN_QUOTED_INCLUDE_IN_FRAMEWORK_HEADER = YES;
				CLANG_WARN_RANGE_LOOP_ANALYSIS = YES;
				CLANG_WARN_STRICT_PROTOTYPES = YES;
				CLANG_WARN_SUSPICIOUS_MOVE = YES;
				CLANG_WARN_UNGUARDED_AVAILABILITY = YES_AGGRESSIVE;
				CLANG_WARN_UNREACHABLE_CODE = YES;
				CLANG_WARN__DUPLICATE_METHOD_MATCH = YES;
				COPY_PHASE_STRIP = NO;
				DEBUG_INFORMATION_FORMAT = "dwarf-with-dsym";
				ENABLE_NS_ASSERTIONS = NO;
				ENABLE_STRICT_OBJC_MSGSEND = YES;
				GCC_C_LANGUAGE_STANDARD = gnu11;
				GCC_NO_COMMON_BLOCKS = YES;
				GCC_WARN_64_TO_32_BIT_CONVERSION = YES;
				GCC_WARN_ABOUT_RETURN_TYPE = YES_ERROR;
				GCC_WARN_UNDECLARED_SELECTOR = YES;
				GCC_WARN_UNINITIALIZED_AUTOS = YES_AGGRESSIVE;
				GCC_WARN_UNUSED_FUNCTION = YES;
				GCC_WARN_UNUSED_VARIABLE = YES;
				IPHONEOS_DEPLOYMENT_TARGET = 16.2;
				MTL_ENABLE_DEBUG_INFO = NO;
				MTL_FAST_MATH = YES;
				SDKROOT = iphoneos;
				SWIFT_COMPILATION_MODE = wholemodule;
				SWIFT_OBJC_BRIDGING_HEADER = /Users/junha/Desktop/iOS/Project/ConvenienceStoreProject/ConvenienceStoreProject/BridgingHeader.h;
				SWIFT_OPTIMIZATION_LEVEL = "-O";
				VALIDATE_PRODUCT = YES;
			};
			name = Release;
		};
		0E42C8D6297524C300D1C16F /* Debug */ = {
			isa = XCBuildConfiguration;
			buildSettings = {
				ASSETCATALOG_COMPILER_APPICON_NAME = AppIcon;
				ASSETCATALOG_COMPILER_GLOBAL_ACCENT_COLOR_NAME = AccentColor;
				CODE_SIGN_STYLE = Automatic;
				CURRENT_PROJECT_VERSION = 1;
				DEVELOPMENT_TEAM = 92YDTRVDUA;
				FRAMEWORK_SEARCH_PATHS = (
					"$(inherited)",
					"$(PROJECT_DIR)/DaumMap.embeddedframework",
					"$(PROJECT_DIR)/Frameworks/DaumMap.embeddedframework",
				);
				GENERATE_INFOPLIST_FILE = YES;
				INFOPLIST_FILE = ConvenienceStoreProject/Info.plist;
				INFOPLIST_KEY_UIApplicationSupportsIndirectInputEvents = YES;
				INFOPLIST_KEY_UILaunchStoryboardName = LaunchScreen;
				INFOPLIST_KEY_UIMainStoryboardFile = "";
				INFOPLIST_KEY_UISupportedInterfaceOrientations_iPad = "UIInterfaceOrientationPortrait UIInterfaceOrientationPortraitUpsideDown UIInterfaceOrientationLandscapeLeft UIInterfaceOrientationLandscapeRight";
				INFOPLIST_KEY_UISupportedInterfaceOrientations_iPhone = "UIInterfaceOrientationPortrait UIInterfaceOrientationLandscapeLeft UIInterfaceOrientationLandscapeRight";
				LD_RUNPATH_SEARCH_PATHS = (
					"$(inherited)",
					"@executable_path/Frameworks",
				);
				MARKETING_VERSION = 1.0;
				PRODUCT_BUNDLE_IDENTIFIER = com.ConvenienceStoreProject;
				PRODUCT_NAME = "$(TARGET_NAME)";
				SWIFT_EMIT_LOC_STRINGS = YES;
				SWIFT_VERSION = 5.0;
				TARGETED_DEVICE_FAMILY = "1,2";
			};
			name = Debug;
		};
		0E42C8D7297524C300D1C16F /* Release */ = {
			isa = XCBuildConfiguration;
			buildSettings = {
				ASSETCATALOG_COMPILER_APPICON_NAME = AppIcon;
				ASSETCATALOG_COMPILER_GLOBAL_ACCENT_COLOR_NAME = AccentColor;
				CODE_SIGN_STYLE = Automatic;
				CURRENT_PROJECT_VERSION = 1;
				DEVELOPMENT_TEAM = 92YDTRVDUA;
				FRAMEWORK_SEARCH_PATHS = (
					"$(inherited)",
					"$(PROJECT_DIR)/DaumMap.embeddedframework",
					"$(PROJECT_DIR)/Frameworks/DaumMap.embeddedframework",
				);
				GENERATE_INFOPLIST_FILE = YES;
				INFOPLIST_FILE = ConvenienceStoreProject/Info.plist;
				INFOPLIST_KEY_UIApplicationSupportsIndirectInputEvents = YES;
				INFOPLIST_KEY_UILaunchStoryboardName = LaunchScreen;
				INFOPLIST_KEY_UIMainStoryboardFile = "";
				INFOPLIST_KEY_UISupportedInterfaceOrientations_iPad = "UIInterfaceOrientationPortrait UIInterfaceOrientationPortraitUpsideDown UIInterfaceOrientationLandscapeLeft UIInterfaceOrientationLandscapeRight";
				INFOPLIST_KEY_UISupportedInterfaceOrientations_iPhone = "UIInterfaceOrientationPortrait UIInterfaceOrientationLandscapeLeft UIInterfaceOrientationLandscapeRight";
				LD_RUNPATH_SEARCH_PATHS = (
					"$(inherited)",
					"@executable_path/Frameworks",
				);
				MARKETING_VERSION = 1.0;
				PRODUCT_BUNDLE_IDENTIFIER = com.ConvenienceStoreProject;
				PRODUCT_NAME = "$(TARGET_NAME)";
				SWIFT_EMIT_LOC_STRINGS = YES;
				SWIFT_VERSION = 5.0;
				TARGETED_DEVICE_FAMILY = "1,2";
			};
			name = Release;
		};
/* End XCBuildConfiguration section */

/* Begin XCConfigurationList section */
		0E42C8B9297524C100D1C16F /* Build configuration list for PBXProject "ConvenienceStoreProject" */ = {
			isa = XCConfigurationList;
			buildConfigurations = (
				0E42C8D3297524C300D1C16F /* Debug */,
				0E42C8D4297524C300D1C16F /* Release */,
			);
			defaultConfigurationIsVisible = 0;
			defaultConfigurationName = Release;
		};
		0E42C8D5297524C300D1C16F /* Build configuration list for PBXNativeTarget "ConvenienceStoreProject" */ = {
			isa = XCConfigurationList;
			buildConfigurations = (
				0E42C8D6297524C300D1C16F /* Debug */,
				0E42C8D7297524C300D1C16F /* Release */,
			);
			defaultConfigurationIsVisible = 0;
			defaultConfigurationName = Release;
		};
/* End XCConfigurationList section */

/* Begin XCRemoteSwiftPackageReference section */
		0E42C98E29755A1E00D1C16F /* XCRemoteSwiftPackageReference "RxSwift" */ = {
			isa = XCRemoteSwiftPackageReference;
			repositoryURL = "https://github.com/ReactiveX/RxSwift";
			requirement = {
				kind = upToNextMajorVersion;
				minimumVersion = 6.0.0;
			};
		};
		0E42C99929755A4300D1C16F /* XCRemoteSwiftPackageReference "SnapKit" */ = {
			isa = XCRemoteSwiftPackageReference;
			repositoryURL = "https://github.com/SnapKit/SnapKit";
			requirement = {
				kind = upToNextMajorVersion;
				minimumVersion = 5.0.0;
			};
		};
/* End XCRemoteSwiftPackageReference section */

/* Begin XCSwiftPackageProductDependency section */
		0E42C98F29755A1E00D1C16F /* RxBlocking */ = {
			isa = XCSwiftPackageProductDependency;
			package = 0E42C98E29755A1E00D1C16F /* XCRemoteSwiftPackageReference "RxSwift" */;
			productName = RxBlocking;
		};
		0E42C99129755A1E00D1C16F /* RxCocoa */ = {
			isa = XCSwiftPackageProductDependency;
			package = 0E42C98E29755A1E00D1C16F /* XCRemoteSwiftPackageReference "RxSwift" */;
			productName = RxCocoa;
		};
		0E42C99329755A1E00D1C16F /* RxRelay */ = {
			isa = XCSwiftPackageProductDependency;
			package = 0E42C98E29755A1E00D1C16F /* XCRemoteSwiftPackageReference "RxSwift" */;
			productName = RxRelay;
		};
		0E42C99529755A1E00D1C16F /* RxSwift */ = {
			isa = XCSwiftPackageProductDependency;
			package = 0E42C98E29755A1E00D1C16F /* XCRemoteSwiftPackageReference "RxSwift" */;
			productName = RxSwift;
		};
		0E42C99729755A1E00D1C16F /* RxTest */ = {
			isa = XCSwiftPackageProductDependency;
			package = 0E42C98E29755A1E00D1C16F /* XCRemoteSwiftPackageReference "RxSwift" */;
			productName = RxTest;
		};
		0E42C99A29755A4300D1C16F /* SnapKit */ = {
			isa = XCSwiftPackageProductDependency;
			package = 0E42C99929755A4300D1C16F /* XCRemoteSwiftPackageReference "SnapKit" */;
			productName = SnapKit;
		};
/* End XCSwiftPackageProductDependency section */

/* Begin XCVersionGroup section */
		0E42C8CA297524C200D1C16F /* ConvenienceStoreProject.xcdatamodeld */ = {
			isa = XCVersionGroup;
			children = (
				0E42C8CB297524C200D1C16F /* ConvenienceStoreProject.xcdatamodel */,
			);
			currentVersion = 0E42C8CB297524C200D1C16F /* ConvenienceStoreProject.xcdatamodel */;
			path = ConvenienceStoreProject.xcdatamodeld;
			sourceTree = "<group>";
			versionGroupType = wrapper.xcdatamodel;
		};
/* End XCVersionGroup section */
	};
	rootObject = 0E42C8B6297524C100D1C16F /* Project object */;
}
